---
lockfileVersion: 1
lockfileVendor: redhat
arches:
- arch: aarch64
  packages:
  - url: https://cdn-ubi.redhat.com/content/public/ubi/dist/ubi9/9/aarch64/appstream/os/Packages/c/cpp-11.5.0-14.el9.aarch64.rpm
    repoid: ubi-9-for-aarch64-appstream-rpms
    size: 10798392
    checksum: sha256:eb16ef369b981c0dca6149e971a63f74ea09c09f1c638086e3cda1e0591ac21b
    name: cpp
    evr: 11.5.0-14.el9
    sourcerpm: gcc-11.5.0-14.el9.src.rpm
  - url: https://cdn-ubi.redhat.com/content/public/ubi/dist/ubi9/9/aarch64/appstream/os/Packages/g/gcc-11.5.0-14.el9.aarch64.rpm
    repoid: ubi-9-for-aarch64-appstream-rpms
    size: 31291354
    checksum: sha256:542e635ac17b548cc03ab4347438d49f96837c1d91d12714b6b2764ec566156c
    name: gcc
    evr: 11.5.0-14.el9
    sourcerpm: gcc-11.5.0-14.el9.src.rpm
  - url: https://cdn-ubi.redhat.com/content/public/ubi/dist/ubi9/9/aarch64/appstream/os/Packages/g/gcc-c++-11.5.0-14.el9.aarch64.rpm
    repoid: ubi-9-for-aarch64-appstream-rpms
    size: 12994215
    checksum: sha256:aabe892798a2272d65c269fd6aa14d3b3dfc782c98f92f8fda30c2a4fa33bf6d
    name: gcc-c++
    evr: 11.5.0-14.el9
    sourcerpm: gcc-11.5.0-14.el9.src.rpm
  - url: https://cdn-ubi.redhat.com/content/public/ubi/dist/ubi9/9/aarch64/appstream/os/Packages/g/glibc-devel-2.34-272.el9_8.aarch64.rpm
    repoid: ubi-9-for-aarch64-appstream-rpms
    size: 577070
    checksum: sha256:3d76e7f2892d66c767a065524df5592f8fa75f44fa5f2e371b2a366d63c18de4
    name: glibc-devel
    evr: 2.34-272.el9_8
    sourcerpm: glibc-2.34-272.el9_8.src.rpm
  - url: https://cdn-ubi.redhat.com/content/public/ubi/dist/ubi9/9/aarch64/appstream/os/Packages/k/kernel-headers-5.14.0-687.20.1.el9_8.aarch64.rpm
    repoid: ubi-9-for-aarch64-appstream-rpms
    size: 2847337
    checksum: sha256:9d68e24b43ce1fa494c04aeda9bde9544d6947a8d9edaf6e0f4a6398b8f79cec
    name: kernel-headers
    evr: 5.14.0-687.20.1.el9_8
    sourcerpm: kernel-5.14.0-687.20.1.el9_8.src.rpm
  - url: https://cdn-ubi.redhat.com/content/public/ubi/dist/ubi9/9/aarch64/appstream/os/Packages/l/libasan-11.5.0-14.el9.aarch64.rpm
    repoid: ubi-9-for-aarch64-appstream-rpms
    size: 409047
    checksum: sha256:854a84e72d40c2a062d112b93f8a694044fd7dc5b3afe7a869a448a12844c3e6
    name: libasan
    evr: 11.5.0-14.el9
    sourcerpm: gcc-11.5.0-14.el9.src.rpm
  - url: https://cdn-ubi.redhat.com/content/public/ubi/dist/ubi9/9/aarch64/appstream/os/Packages/l/libmpc-1.2.1-4.el9.aarch64.rpm
    repoid: ubi-9-for-aarch64-appstream-rpms
    size: 67120
    checksum: sha256:3763354a5f45d886f9976eec20eb34f8afc2144c69ffba07de546f2820893c70
    name: libmpc
    evr: 1.2.1-4.el9
    sourcerpm: libmpc-1.2.1-4.el9.src.rpm
  - url: https://cdn-ubi.redhat.com/content/public/ubi/dist/ubi9/9/aarch64/appstream/os/Packages/l/libnsl2-2.0.0-1.el9.aarch64.rpm
    repoid: ubi-9-for-aarch64-appstream-rpms
    size: 32849
    checksum: sha256:5b38c8b55dbfc549271617e132d2d98ceaa9ca30711f73edd8b39a6af689de27
    name: libnsl2
    evr: 2.0.0-1.el9
    sourcerpm: libnsl2-2.0.0-1.el9.src.rpm
  - url: https://cdn-ubi.redhat.com/content/public/ubi/dist/ubi9/9/aarch64/appstream/os/Packages/l/libstdc++-devel-11.5.0-14.el9.aarch64.rpm
    repoid: ubi-9-for-aarch64-appstream-rpms
    size: 2520018
    checksum: sha256:5a2474c2e817b008212e5a94770d8bfbaad17e9ebba2a38d734907e594ac2aac
    name: libstdc++-devel
    evr: 11.5.0-14.el9
    sourcerpm: gcc-11.5.0-14.el9.src.rpm
  - url: https://cdn-ubi.redhat.com/content/public/ubi/dist/ubi9/9/aarch64/appstream/os/Packages/l/libubsan-11.5.0-14.el9.aarch64.rpm
    repoid: ubi-9-for-aarch64-appstream-rpms
    size: 178996
    checksum: sha256:d0adfda8f1d8ddf05a46292228e31cf887d731e7999154603e148e3d70d1f182
    name: libubsan
    evr: 11.5.0-14.el9
    sourcerpm: gcc-11.5.0-14.el9.src.rpm
  - url: https://cdn-ubi.redhat.com/content/public/ubi/dist/ubi9/9/aarch64/appstream/os/Packages/l/libxcrypt-devel-4.4.18-3.el9.aarch64.rpm
    repoid: ubi-9-for-aarch64-appstream-rpms
    size: 33051
    checksum: sha256:9d621f33df35b9c274b8d65457d6c67fc1522b6c62cf7b2341a4a99f39a93507
    name: libxcrypt-devel
    evr: 4.4.18-3.el9
    sourcerpm: libxcrypt-4.4.18-3.el9.src.rpm
  - url: https://cdn-ubi.redhat.com/content/public/ubi/dist/ubi9/9/aarch64/appstream/os/Packages/m/mpdecimal-2.5.1-3.el9.aarch64.rpm
    repoid: ubi-9-for-aarch64-appstream-rpms
    size: 92062
    checksum: sha256:6bdb76d4bb510b0e435698a46a09d0849fb07b2f53c00239e8989d8f141d1d14
    name: mpdecimal
    evr: 2.5.1-3.el9
    sourcerpm: mpdecimal-2.5.1-3.el9.src.rpm
  - url: https://cdn-ubi.redhat.com/content/public/ubi/dist/ubi9/9/aarch64/appstream/os/Packages/p/python3.11-3.11.13-10.el9_8.aarch64.rpm
    repoid: ubi-9-for-aarch64-appstream-rpms
    size: 32079
    checksum: sha256:26c2d7d2c7a76e3bcb0bf8d2640beebd55ca31b1924ab6f4f4afdd50666c86a9
    name: python3.11
    evr: 3.11.13-10.el9_8
    sourcerpm: python3.11-3.11.13-10.el9_8.src.rpm
  - url: https://cdn-ubi.redhat.com/content/public/ubi/dist/ubi9/9/aarch64/appstream/os/Packages/p/python3.11-devel-3.11.13-10.el9_8.aarch64.rpm
    repoid: ubi-9-for-aarch64-appstream-rpms
    size: 290251
    checksum: sha256:f8e6f80cc9f3d3846c7f9963fb8190508c034396f76462fc5c938485e259d972
    name: python3.11-devel
    evr: 3.11.13-10.el9_8
    sourcerpm: python3.11-3.11.13-10.el9_8.src.rpm
  - url: https://cdn-ubi.redhat.com/content/public/ubi/dist/ubi9/9/aarch64/appstream/os/Packages/p/python3.11-libs-3.11.13-10.el9_8.aarch64.rpm
    repoid: ubi-9-for-aarch64-appstream-rpms
    size: 10690490
    checksum: sha256:4405c45a6fa7e992dd3db0719b1fadb5d38771f854ede80f9f416b3331a82c37
    name: python3.11-libs
    evr: 3.11.13-10.el9_8
    sourcerpm: python3.11-3.11.13-10.el9_8.src.rpm
  - url: https://cdn-ubi.redhat.com/content/public/ubi/dist/ubi9/9/aarch64/appstream/os/Packages/p/python3.11-pip-wheel-22.3.1-6.el9.noarch.rpm
    repoid: ubi-9-for-aarch64-appstream-rpms
    size: 1488665
    checksum: sha256:0e7e797af157c892a9fce0b6bf9f7b77db57250a16f049ae631e9acae79b5156
    name: python3.11-pip-wheel
    evr: 22.3.1-6.el9
    sourcerpm: python3.11-pip-22.3.1-6.el9.src.rpm
  - url: https://cdn-ubi.redhat.com/content/public/ubi/dist/ubi9/9/aarch64/appstream/os/Packages/p/python3.11-setuptools-wheel-65.5.1-5.el9.noarch.rpm
    repoid: ubi-9-for-aarch64-appstream-rpms
    size: 730338
    checksum: sha256:33ad44dff52114caa7b85f6e218ad5f9ccd88a538a3cf808377762ff01efb05f
    name: python3.11-setuptools-wheel
    evr: 65.5.1-5.el9
    sourcerpm: python3.11-setuptools-65.5.1-5.el9.src.rpm
  - url: https://cdn-ubi.redhat.com/content/public/ubi/dist/ubi9/9/aarch64/baseos/os/Packages/b/binutils-2.35.2-72.el9.aarch64.rpm
    repoid: ubi-9-for-aarch64-baseos-rpms
    size: 5021411
    checksum: sha256:72e9fd9c4976413060df02e37d358fca208ab144d78e321f448a488d50967155
    name: binutils
    evr: 2.35.2-72.el9
    sourcerpm: binutils-2.35.2-72.el9.src.rpm
  - url: https://cdn-ubi.redhat.com/content/public/ubi/dist/ubi9/9/aarch64/baseos/os/Packages/b/binutils-gold-2.35.2-72.el9.aarch64.rpm
    repoid: ubi-9-for-aarch64-baseos-rpms
    size: 908723
    checksum: sha256:269bb24ded2f23dcdb74c04597b13281ce6ac47a87a14831ee639d985323bd04
    name: binutils-gold
    evr: 2.35.2-72.el9
    sourcerpm: binutils-2.35.2-72.el9.src.rpm
  - url: https://cdn-ubi.redhat.com/content/public/ubi/dist/ubi9/9/aarch64/baseos/os/Packages/e/elfutils-debuginfod-client-0.194-1.el9.aarch64.rpm
    repoid: ubi-9-for-aarch64-baseos-rpms
    size: 42824
    checksum: sha256:bbcf05d0b46d42c85807d774788edc39528a6898bd880baf11fb77729f59272d
    name: elfutils-debuginfod-client
    evr: 0.194-1.el9
    sourcerpm: elfutils-0.194-1.el9.src.rpm
  - url: https://cdn-ubi.redhat.com/content/public/ubi/dist/ubi9/9/aarch64/baseos/os/Packages/e/elfutils-default-yama-scope-0.194-1.el9.noarch.rpm
    repoid: ubi-9-for-aarch64-baseos-rpms
    size: 8949
    checksum: sha256:c473f42c0fec97e2830580110509e4522bc62d9b11761d062499354a0bf58959
    name: elfutils-default-yama-scope
    evr: 0.194-1.el9
    sourcerpm: elfutils-0.194-1.el9.src.rpm
  - url: https://cdn-ubi.redhat.com/content/public/ubi/dist/ubi9/9/aarch64/baseos/os/Packages/e/elfutils-libelf-0.194-1.el9.aarch64.rpm
    repoid: ubi-9-for-aarch64-baseos-rpms
    size: 203006
    checksum: sha256:04ff63b7b669b16827f3688baa0be4a2782f1405db3c6d3ee03c0e4cebc2cdf2
    name: elfutils-libelf
    evr: 0.194-1.el9
    sourcerpm: elfutils-0.194-1.el9.src.rpm
  - url: https://cdn-ubi.redhat.com/content/public/ubi/dist/ubi9/9/aarch64/baseos/os/Packages/e/elfutils-libs-0.194-1.el9.aarch64.rpm
    repoid: ubi-9-for-aarch64-baseos-rpms
    size: 271645
    checksum: sha256:b90a6ad3e465995538785a2536986ad705625daf606d6258bf23d1dd29aec208
    name: elfutils-libs
    evr: 0.194-1.el9
    sourcerpm: elfutils-0.194-1.el9.src.rpm
  - url: https://cdn-ubi.redhat.com/content/public/ubi/dist/ubi9/9/aarch64/baseos/os/Packages/e/expat-2.5.0-6.el9_8.1.aarch64.rpm
    repoid: ubi-9-for-aarch64-baseos-rpms
    size: 120882
    checksum: sha256:7cc4e533f63bdec0ead003d176cb262b8d4d2583dfd57b2e9cfeeed4ead13475
    name: expat
    evr: 2.5.0-6.el9_8.1
    sourcerpm: expat-2.5.0-6.el9_8.1.src.rpm
  - url: https://cdn-ubi.redhat.com/content/public/ubi/dist/ubi9/9/aarch64/baseos/os/Packages/g/glibc-langpack-en-2.34-272.el9_8.aarch64.rpm
    repoid: ubi-9-for-aarch64-baseos-rpms
    size: 684747
    checksum: sha256:34d95f6d19e5613c3338d0659c2074152a2216bb19f33803de298e5dc484b008
    name: glibc-langpack-en
    evr: 2.34-272.el9_8
    sourcerpm: glibc-2.34-272.el9_8.src.rpm
  - url: https://cdn-ubi.redhat.com/content/public/ubi/dist/ubi9/9/aarch64/baseos/os/Packages/l/libatomic-11.5.0-14.el9.aarch64.rpm
    repoid: ubi-9-for-aarch64-baseos-rpms
    size: 26108
    checksum: sha256:bebe2e8fd98c64d1667e3de1eb3751b7b641bf5d0cd870ed6445fea5c4526326
    name: libatomic
    evr: 11.5.0-14.el9
    sourcerpm: gcc-11.5.0-14.el9.src.rpm
  - url: https://cdn-ubi.redhat.com/content/public/ubi/dist/ubi9/9/aarch64/baseos/os/Packages/l/libgomp-11.5.0-14.el9.aarch64.rpm
    repoid: ubi-9-for-aarch64-baseos-rpms
    size: 262138
    checksum: sha256:c8b3788fee442304e4158c802ff413df27d394b82f19c0f34ff43b5d3760470c
    name: libgomp
    evr: 11.5.0-14.el9
    sourcerpm: gcc-11.5.0-14.el9.src.rpm
  - url: https://cdn-ubi.redhat.com/content/public/ubi/dist/ubi9/9/aarch64/baseos/os/Packages/l/libpkgconf-1.7.3-10.el9.aarch64.rpm
    repoid: ubi-9-for-aarch64-baseos-rpms
    size: 38310
    checksum: sha256:9bdfccf6b092e0683aa6984f7c6caa737b30c0b1495e16abb03b5d1a5f8e787a
    name: libpkgconf
    evr: 1.7.3-10.el9
    sourcerpm: pkgconf-1.7.3-10.el9.src.rpm
  - url: https://cdn-ubi.redhat.com/content/public/ubi/dist/ubi9/9/aarch64/baseos/os/Packages/l/libtirpc-1.3.3-9.el9.aarch64.rpm
    repoid: ubi-9-for-aarch64-baseos-rpms
    size: 98735
    checksum: sha256:591a92387f21db11cb3607f566f95e1f4afe581428eec00f99539925560e1913
    name: libtirpc
    evr: 1.3.3-9.el9
    sourcerpm: libtirpc-1.3.3-9.el9.src.rpm
  - url: https://cdn-ubi.redhat.com/content/public/ubi/dist/ubi9/9/aarch64/baseos/os/Packages/m/make-4.3-8.el9.aarch64.rpm
    repoid: ubi-9-for-aarch64-baseos-rpms
    size: 550249
    checksum: sha256:351a22b0e6744bd329b1b0f22d9c3b69a6da970b575e6c76190cc84b0fe77450
    name: make
    evr: 1:4.3-8.el9
    sourcerpm: make-4.3-8.el9.src.rpm
  - url: https://cdn-ubi.redhat.com/content/public/ubi/dist/ubi9/9/aarch64/baseos/os/Packages/p/pkgconf-1.7.3-10.el9.aarch64.rpm
    repoid: ubi-9-for-aarch64-baseos-rpms
    size: 45196
    checksum: sha256:aa38a3951a690d721a815ea8f9b01995a85f35a8540d8075205821011d0385e6
    name: pkgconf
    evr: 1.7.3-10.el9
    sourcerpm: pkgconf-1.7.3-10.el9.src.rpm
  - url: https://cdn-ubi.redhat.com/content/public/ubi/dist/ubi9/9/aarch64/baseos/os/Packages/p/pkgconf-m4-1.7.3-10.el9.noarch.rpm
    repoid: ubi-9-for-aarch64-baseos-rpms
    size: 16054
    checksum: sha256:91bafd6e06099451f60288327b275cfcc651822f6145176a157c6b0fa5131e02
    name: pkgconf-m4
    evr: 1.7.3-10.el9
    sourcerpm: pkgconf-1.7.3-10.el9.src.rpm
  - url: https://cdn-ubi.redhat.com/content/public/ubi/dist/ubi9/9/aarch64/baseos/os/Packages/p/pkgconf-pkg-config-1.7.3-10.el9.aarch64.rpm
    repoid: ubi-9-for-aarch64-baseos-rpms
    size: 12398
    checksum: sha256:47f1f744f96a2f3d360bc129837738dcebb1ee5032effc4472a891eea1d6a907
    name: pkgconf-pkg-config
    evr: 1.7.3-10.el9
    sourcerpm: pkgconf-1.7.3-10.el9.src.rpm
  source: []
  module_metadata: []
- arch: ppc64le
  packages:
  - url: https://cdn-ubi.redhat.com/content/public/ubi/dist/ubi9/9/ppc64le/appstream/os/Packages/c/cpp-11.5.0-14.el9.ppc64le.rpm
    repoid: ubi-9-for-ppc64le-appstream-rpms
    size: 9616631
    checksum: sha256:41f6e1b4b39e3bb237acad4c47ba677a1864624bc6270b738045d78cbe6748c4
    name: cpp
    evr: 11.5.0-14.el9
    sourcerpm: gcc-11.5.0-14.el9.src.rpm
  - url: https://cdn-ubi.redhat.com/content/public/ubi/dist/ubi9/9/ppc64le/appstream/os/Packages/g/gcc-11.5.0-14.el9.ppc64le.rpm
    repoid: ubi-9-for-ppc64le-appstream-rpms
    size: 29072214
    checksum: sha256:9d01a81c1e85b568c9a8f2cf064f56d5a512fc5bf2374d332825f6b81a87e750
    name: gcc
    evr: 11.5.0-14.el9
    sourcerpm: gcc-11.5.0-14.el9.src.rpm
  - url: https://cdn-ubi.redhat.com/content/public/ubi/dist/ubi9/9/ppc64le/appstream/os/Packages/g/gcc-c++-11.5.0-14.el9.ppc64le.rpm
    repoid: ubi-9-for-ppc64le-appstream-rpms
    size: 11744366
    checksum: sha256:e78004ee31ee46aa8210ea9a1dc5c83b935a6760c5d807a80b402124d408de03
    name: gcc-c++
    evr: 11.5.0-14.el9
    sourcerpm: gcc-11.5.0-14.el9.src.rpm
  - url: https://cdn-ubi.redhat.com/content/public/ubi/dist/ubi9/9/ppc64le/appstream/os/Packages/g/glibc-devel-2.34-272.el9_8.ppc64le.rpm
    repoid: ubi-9-for-ppc64le-appstream-rpms
    size: 588129
    checksum: sha256:19a625949ac3232453854b777adfcf18e1c895c48246b1026f28e7ca53c8104c
    name: glibc-devel
    evr: 2.34-272.el9_8
    sourcerpm: glibc-2.34-272.el9_8.src.rpm
  - url: https://cdn-ubi.redhat.com/content/public/ubi/dist/ubi9/9/ppc64le/appstream/os/Packages/k/kernel-headers-5.14.0-687.20.1.el9_8.ppc64le.rpm
    repoid: ubi-9-for-ppc64le-appstream-rpms
    size: 2871145
    checksum: sha256:f616fc5b97db6b1e654006fb85628aea7fd0f4733dce597b8a9451dc9e7ef8d4
    name: kernel-headers
    evr: 5.14.0-687.20.1.el9_8
    sourcerpm: kernel-5.14.0-687.20.1.el9_8.src.rpm
  - url: https://cdn-ubi.redhat.com/content/public/ubi/dist/ubi9/9/ppc64le/appstream/os/Packages/l/libasan-11.5.0-14.el9.ppc64le.rpm
    repoid: ubi-9-for-ppc64le-appstream-rpms
    size: 440756
    checksum: sha256:e2613066326c4a465bb33655b95f34105b0eb37b6ba8754106ea996e8e32fa64
    name: libasan
    evr: 11.5.0-14.el9
    sourcerpm: gcc-11.5.0-14.el9.src.rpm
  - url: https://cdn-ubi.redhat.com/content/public/ubi/dist/ubi9/9/ppc64le/appstream/os/Packages/l/libmpc-1.2.1-4.el9.ppc64le.rpm
    repoid: ubi-9-for-ppc64le-appstream-rpms
    size: 71343
    checksum: sha256:12c0bd83a7321dccd6c715d149cb6f12299e13a1e09732a629003b0140ad9b32
    name: libmpc
    evr: 1.2.1-4.el9
    sourcerpm: libmpc-1.2.1-4.el9.src.rpm
  - url: https://cdn-ubi.redhat.com/content/public/ubi/dist/ubi9/9/ppc64le/appstream/os/Packages/l/libnsl2-2.0.0-1.el9.ppc64le.rpm
    repoid: ubi-9-for-ppc64le-appstream-rpms
    size: 34856
    checksum: sha256:c2512678fbc0b12469c2a754895e75eceea5e13bc18efb09f619b8242d7e6f06
    name: libnsl2
    evr: 2.0.0-1.el9
    sourcerpm: libnsl2-2.0.0-1.el9.src.rpm
  - url: https://cdn-ubi.redhat.com/content/public/ubi/dist/ubi9/9/ppc64le/appstream/os/Packages/l/libstdc++-devel-11.5.0-14.el9.ppc64le.rpm
    repoid: ubi-9-for-ppc64le-appstream-rpms
    size: 2525849
    checksum: sha256:c0d3f775db61cdd8b0b9fba55c667d47400aa340a7a2921639a2da75299cd2e4
    name: libstdc++-devel
    evr: 11.5.0-14.el9
    sourcerpm: gcc-11.5.0-14.el9.src.rpm
  - url: https://cdn-ubi.redhat.com/content/public/ubi/dist/ubi9/9/ppc64le/appstream/os/Packages/l/libubsan-11.5.0-14.el9.ppc64le.rpm
    repoid: ubi-9-for-ppc64le-appstream-rpms
    size: 201790
    checksum: sha256:4c550809aab6a7fa08ef917f4764ef3d06f8c69cedfcda8a977ec07f448d4e4c
    name: libubsan
    evr: 11.5.0-14.el9
    sourcerpm: gcc-11.5.0-14.el9.src.rpm
  - url: https://cdn-ubi.redhat.com/content/public/ubi/dist/ubi9/9/ppc64le/appstream/os/Packages/l/libxcrypt-devel-4.4.18-3.el9.ppc64le.rpm
    repoid: ubi-9-for-ppc64le-appstream-rpms
    size: 33082
    checksum: sha256:0897868b5e5ab66225dd55f585076975a84e3fd68b93a38be1d8a231d441bc16
    name: libxcrypt-devel
    evr: 4.4.18-3.el9
    sourcerpm: libxcrypt-4.4.18-3.el9.src.rpm
  - url: https://cdn-ubi.redhat.com/content/public/ubi/dist/ubi9/9/ppc64le/appstream/os/Packages/m/mpdecimal-2.5.1-3.el9.ppc64le.rpm
    repoid: ubi-9-for-ppc64le-appstream-rpms
    size: 106314
    checksum: sha256:5689b49b6ebd204faaba278587ed7c6613af9ac48ca31c71d9d8ec343d7ddf07
    name: mpdecimal
    evr: 2.5.1-3.el9
    sourcerpm: mpdecimal-2.5.1-3.el9.src.rpm
  - url: https://cdn-ubi.redhat.com/content/public/ubi/dist/ubi9/9/ppc64le/appstream/os/Packages/p/python3.11-3.11.13-10.el9_8.ppc64le.rpm
    repoid: ubi-9-for-ppc64le-appstream-rpms
    size: 32148
    checksum: sha256:5c11e443a4ea713901d8e8dae6669a823c8ee7730118f67160b81144b919a5bc
    name: python3.11
    evr: 3.11.13-10.el9_8
    sourcerpm: python3.11-3.11.13-10.el9_8.src.rpm
  - url: https://cdn-ubi.redhat.com/content/public/ubi/dist/ubi9/9/ppc64le/appstream/os/Packages/p/python3.11-devel-3.11.13-10.el9_8.ppc64le.rpm
    repoid: ubi-9-for-ppc64le-appstream-rpms
    size: 290382
    checksum: sha256:86c423629079cd4cb60d9a2348d8b33788ec05fc37cd03eebeb88a0808071852
    name: python3.11-devel
    evr: 3.11.13-10.el9_8
    sourcerpm: python3.11-3.11.13-10.el9_8.src.rpm
  - url: https://cdn-ubi.redhat.com/content/public/ubi/dist/ubi9/9/ppc64le/appstream/os/Packages/p/python3.11-libs-3.11.13-10.el9_8.ppc64le.rpm
    repoid: ubi-9-for-ppc64le-appstream-rpms
    size: 10627261
    checksum: sha256:439b57fdce51225daf2b503ae5e5fccdc791f3c7658c11321120e88eb940798f
    name: python3.11-libs
    evr: 3.11.13-10.el9_8
    sourcerpm: python3.11-3.11.13-10.el9_8.src.rpm
  - url: https://cdn-ubi.redhat.com/content/public/ubi/dist/ubi9/9/ppc64le/appstream/os/Packages/p/python3.11-pip-wheel-22.3.1-6.el9.noarch.rpm
    repoid: ubi-9-for-ppc64le-appstream-rpms
    size: 1488665
    checksum: sha256:0e7e797af157c892a9fce0b6bf9f7b77db57250a16f049ae631e9acae79b5156
    name: python3.11-pip-wheel
    evr: 22.3.1-6.el9
    sourcerpm: python3.11-pip-22.3.1-6.el9.src.rpm
  - url: https://cdn-ubi.redhat.com/content/public/ubi/dist/ubi9/9/ppc64le/appstream/os/Packages/p/python3.11-setuptools-wheel-65.5.1-5.el9.noarch.rpm
    repoid: ubi-9-for-ppc64le-appstream-rpms
    size: 730338
    checksum: sha256:33ad44dff52114caa7b85f6e218ad5f9ccd88a538a3cf808377762ff01efb05f
    name: python3.11-setuptools-wheel
    evr: 65.5.1-5.el9
    sourcerpm: python3.11-setuptools-65.5.1-5.el9.src.rpm
  - url: https://cdn-ubi.redhat.com/content/public/ubi/dist/ubi9/9/ppc64le/baseos/os/Packages/b/binutils-2.35.2-72.el9.ppc64le.rpm
    repoid: ubi-9-for-ppc64le-baseos-rpms
    size: 5218918
    checksum: sha256:508ed19adc2060ea97e85ec498b9d8136e9dc04f8e5801580f7538a1da5b43ff
    name: binutils
    evr: 2.35.2-72.el9
    sourcerpm: binutils-2.35.2-72.el9.src.rpm
  - url: https://cdn-ubi.redhat.com/content/public/ubi/dist/ubi9/9/ppc64le/baseos/os/Packages/b/binutils-gold-2.35.2-72.el9.ppc64le.rpm
    repoid: ubi-9-for-ppc64le-baseos-rpms
    size: 1072426
    checksum: sha256:872d0dacc1d61a5332f4e62a384baf05b6a28ad94b334f48ea152672b124961d
    name: binutils-gold
    evr: 2.35.2-72.el9
    sourcerpm: binutils-2.35.2-72.el9.src.rpm
  - url: https://cdn-ubi.redhat.com/content/public/ubi/dist/ubi9/9/ppc64le/baseos/os/Packages/e/elfutils-debuginfod-client-0.194-1.el9.ppc64le.rpm
    repoid: ubi-9-for-ppc64le-baseos-rpms
    size: 46443
    checksum: sha256:7a82587c994f2f5c470247ea0ba83fc7cc8ac1d96fdc618026ba6c0f2f3e6157
    name: elfutils-debuginfod-client
    evr: 0.194-1.el9
    sourcerpm: elfutils-0.194-1.el9.src.rpm
  - url: https://cdn-ubi.redhat.com/content/public/ubi/dist/ubi9/9/ppc64le/baseos/os/Packages/e/elfutils-default-yama-scope-0.194-1.el9.noarch.rpm
    repoid: ubi-9-for-ppc64le-baseos-rpms
    size: 8949
    checksum: sha256:c473f42c0fec97e2830580110509e4522bc62d9b11761d062499354a0bf58959
    name: elfutils-default-yama-scope
    evr: 0.194-1.el9
    sourcerpm: elfutils-0.194-1.el9.src.rpm
  - url: https://cdn-ubi.redhat.com/content/public/ubi/dist/ubi9/9/ppc64le/baseos/os/Packages/e/elfutils-libelf-0.194-1.el9.ppc64le.rpm
    repoid: ubi-9-for-ppc64le-baseos-rpms
    size: 210751
    checksum: sha256:696899271fa2a096a44440fbe3ab310c4b6df4d22722dea963a3463014666c1f
    name: elfutils-libelf
    evr: 0.194-1.el9
    sourcerpm: elfutils-0.194-1.el9.src.rpm
  - url: https://cdn-ubi.redhat.com/content/public/ubi/dist/ubi9/9/ppc64le/baseos/os/Packages/e/elfutils-libs-0.194-1.el9.ppc64le.rpm
    repoid: ubi-9-for-ppc64le-baseos-rpms
    size: 313194
    checksum: sha256:7b812644c2f097c39981b3a58e6dde4c568a4b13e68946fd5a42cb1661a8d2a7
    name: elfutils-libs
    evr: 0.194-1.el9
    sourcerpm: elfutils-0.194-1.el9.src.rpm
  - url: https://cdn-ubi.redhat.com/content/public/ubi/dist/ubi9/9/ppc64le/baseos/os/Packages/e/expat-2.5.0-6.el9_8.1.ppc64le.rpm
    repoid: ubi-9-for-ppc64le-baseos-rpms
    size: 132202
    checksum: sha256:eae0d2c0c23adc9b878e86d46a7cd176e991a84fc5780877dd58f15552b6a5c6
    name: expat
    evr: 2.5.0-6.el9_8.1
    sourcerpm: expat-2.5.0-6.el9_8.1.src.rpm
  - url: https://cdn-ubi.redhat.com/content/public/ubi/dist/ubi9/9/ppc64le/baseos/os/Packages/g/glibc-langpack-en-2.34-272.el9_8.ppc64le.rpm
    repoid: ubi-9-for-ppc64le-baseos-rpms
    size: 684735
    checksum: sha256:6f4f09dea9c2d8ac692f3e68a059644ca091dedd73b3c6023fae29d8987da1e1
    name: glibc-langpack-en
    evr: 2.34-272.el9_8
    sourcerpm: glibc-2.34-272.el9_8.src.rpm
  - url: https://cdn-ubi.redhat.com/content/public/ubi/dist/ubi9/9/ppc64le/baseos/os/Packages/l/libatomic-11.5.0-14.el9.ppc64le.rpm
    repoid: ubi-9-for-ppc64le-baseos-rpms
    size: 25237
    checksum: sha256:2045b15ef21be5d4466f9852abd34938a35e36ef8aed25f4fa7806379a8d2f5c
    name: libatomic
    evr: 11.5.0-14.el9
    sourcerpm: gcc-11.5.0-14.el9.src.rpm
  - url: https://cdn-ubi.redhat.com/content/public/ubi/dist/ubi9/9/ppc64le/baseos/os/Packages/l/libgomp-11.5.0-14.el9.ppc64le.rpm
    repoid: ubi-9-for-ppc64le-baseos-rpms
    size: 275719
    checksum: sha256:ad56fd9a1aa57d0d9e9cbc1b77c93d358aef34c2b5753004a7df2e48cdbe906e
    name: libgomp
    evr: 11.5.0-14.el9
    sourcerpm: gcc-11.5.0-14.el9.src.rpm
  - url: https://cdn-ubi.redhat.com/content/public/ubi/dist/ubi9/9/ppc64le/baseos/os/Packages/l/libpkgconf-1.7.3-10.el9.ppc64le.rpm
    repoid: ubi-9-for-ppc64le-baseos-rpms
    size: 42712
    checksum: sha256:a96600fec79e7d94523816dc620203e812c4a08c82c07fb3bb62d7e9e6e1f661
    name: libpkgconf
    evr: 1.7.3-10.el9
    sourcerpm: pkgconf-1.7.3-10.el9.src.rpm
  - url: https://cdn-ubi.redhat.com/content/public/ubi/dist/ubi9/9/ppc64le/baseos/os/Packages/l/libtirpc-1.3.3-9.el9.ppc64le.rpm
    repoid: ubi-9-for-ppc64le-baseos-rpms
    size: 112487
    checksum: sha256:a2bfcdaf2d192dcae021e69c61a5783060ca3e247a0d4fd049336fa3bbd9033a
    name: libtirpc
    evr: 1.3.3-9.el9
    sourcerpm: libtirpc-1.3.3-9.el9.src.rpm
  - url: https://cdn-ubi.redhat.com/content/public/ubi/dist/ubi9/9/ppc64le/baseos/os/Packages/m/make-4.3-8.el9.ppc64le.rpm
    repoid: ubi-9-for-ppc64le-baseos-rpms
    size: 567121
    checksum: sha256:6c3f559c10b0bfdeb892314c26622f06999b202f57d881444cc4361ec7dad88c
    name: make
    evr: 1:4.3-8.el9
    sourcerpm: make-4.3-8.el9.src.rpm
  - url: https://cdn-ubi.redhat.com/content/public/ubi/dist/ubi9/9/ppc64le/baseos/os/Packages/p/pkgconf-1.7.3-10.el9.ppc64le.rpm
    repoid: ubi-9-for-ppc64le-baseos-rpms
    size: 46315
    checksum: sha256:a70516a3a8f016a80613bc071586cd653db12a650c4c9f057743125cb7ad7433
    name: pkgconf
    evr: 1.7.3-10.el9
    sourcerpm: pkgconf-1.7.3-10.el9.src.rpm
  - url: https://cdn-ubi.redhat.com/content/public/ubi/dist/ubi9/9/ppc64le/baseos/os/Packages/p/pkgconf-m4-1.7.3-10.el9.noarch.rpm
    repoid: ubi-9-for-ppc64le-baseos-rpms
    size: 16054
    checksum: sha256:91bafd6e06099451f60288327b275cfcc651822f6145176a157c6b0fa5131e02
    name: pkgconf-m4
    evr: 1.7.3-10.el9
    sourcerpm: pkgconf-1.7.3-10.el9.src.rpm
  - url: https://cdn-ubi.redhat.com/content/public/ubi/dist/ubi9/9/ppc64le/baseos/os/Packages/p/pkgconf-pkg-config-1.7.3-10.el9.ppc64le.rpm
    repoid: ubi-9-for-ppc64le-baseos-rpms
    size: 12416
    checksum: sha256:1d641be62db76b074f4ca2d6b470d85dcf806d96e2c834337482a73984db1979
    name: pkgconf-pkg-config
    evr: 1.7.3-10.el9
    sourcerpm: pkgconf-1.7.3-10.el9.src.rpm
  source: []
  module_metadata: []
- arch: s390x
  packages:
  - url: https://cdn-ubi.redhat.com/content/public/ubi/dist/ubi9/9/s390x/appstream/os/Packages/c/cpp-11.5.0-14.el9.s390x.rpm
    repoid: ubi-9-for-s390x-appstream-rpms
    size: 8595948
    checksum: sha256:22a09eda4868eedebfb35fa8058f7c18829619ff95147a6965c4f718131e8f5e
    name: cpp
    evr: 11.5.0-14.el9
    sourcerpm: gcc-11.5.0-14.el9.src.rpm
  - url: https://cdn-ubi.redhat.com/content/public/ubi/dist/ubi9/9/s390x/appstream/os/Packages/g/gcc-11.5.0-14.el9.s390x.rpm
    repoid: ubi-9-for-s390x-appstream-rpms
    size: 26825105
    checksum: sha256:6458c5b0abe4cc8fba4c3a104784af27fe5a9d2b9697dfe8ca1e3b26f208a0e9
    name: gcc
    evr: 11.5.0-14.el9
    sourcerpm: gcc-11.5.0-14.el9.src.rpm
  - url: https://cdn-ubi.redhat.com/content/public/ubi/dist/ubi9/9/s390x/appstream/os/Packages/g/gcc-c++-11.5.0-14.el9.s390x.rpm
    repoid: ubi-9-for-s390x-appstream-rpms
    size: 10700601
    checksum: sha256:24e4b2638247497c7c3d95c4868a4bd733357ab52be3f3311e9c31401f9f47a8
    name: gcc-c++
    evr: 11.5.0-14.el9
    sourcerpm: gcc-11.5.0-14.el9.src.rpm
  - url: https://cdn-ubi.redhat.com/content/public/ubi/dist/ubi9/9/s390x/appstream/os/Packages/g/glibc-devel-2.34-272.el9_8.s390x.rpm
    repoid: ubi-9-for-s390x-appstream-rpms
    size: 54395
    checksum: sha256:4e3bd0db3944362f074281a759bd03c7c4c34fea55f14997f7324dfdda56b748
    name: glibc-devel
    evr: 2.34-272.el9_8
    sourcerpm: glibc-2.34-272.el9_8.src.rpm
  - url: https://cdn-ubi.redhat.com/content/public/ubi/dist/ubi9/9/s390x/appstream/os/Packages/g/glibc-headers-2.34-272.el9_8.s390x.rpm
    repoid: ubi-9-for-s390x-appstream-rpms
    size: 557939
    checksum: sha256:686861e9d31ed4174df67d6b4b1a2510491f244f6f23f3a21ff360a3f25d5a59
    name: glibc-headers
    evr: 2.34-272.el9_8
    sourcerpm: glibc-2.34-272.el9_8.src.rpm
  - url: https://cdn-ubi.redhat.com/content/public/ubi/dist/ubi9/9/s390x/appstream/os/Packages/k/kernel-headers-5.14.0-687.20.1.el9_8.s390x.rpm
    repoid: ubi-9-for-s390x-appstream-rpms
    size: 2877337
    checksum: sha256:bc5acf3f42d54f2b8233065019354895bf450f55f53641beb084a2b95a544b09
    name: kernel-headers
    evr: 5.14.0-687.20.1.el9_8
    sourcerpm: kernel-5.14.0-687.20.1.el9_8.src.rpm
  - url: https://cdn-ubi.redhat.com/content/public/ubi/dist/ubi9/9/s390x/appstream/os/Packages/l/libasan-11.5.0-14.el9.s390x.rpm
    repoid: ubi-9-for-s390x-appstream-rpms
    size: 412888
    checksum: sha256:c3c8a337bc659412c7c7cb3be1aba0283596251a99a261e12760959d34fe5a7b
    name: libasan
    evr: 11.5.0-14.el9
    sourcerpm: gcc-11.5.0-14.el9.src.rpm
  - url: https://cdn-ubi.redhat.com/content/public/ubi/dist/ubi9/9/s390x/appstream/os/Packages/l/libmpc-1.2.1-4.el9.s390x.rpm
    repoid: ubi-9-for-s390x-appstream-rpms
    size: 66959
    checksum: sha256:5d57ddf803a764bbbf229ccb71c8b4fbeed604b39858174d8ffee1b24510cc8c
    name: libmpc
    evr: 1.2.1-4.el9
    sourcerpm: libmpc-1.2.1-4.el9.src.rpm
  - url: https://cdn-ubi.redhat.com/content/public/ubi/dist/ubi9/9/s390x/appstream/os/Packages/l/libnsl2-2.0.0-1.el9.s390x.rpm
    repoid: ubi-9-for-s390x-appstream-rpms
    size: 32555
    checksum: sha256:d53699f58ddc38f2a4b7538b7ec3bf7b44b426350fca5031410f016f6bfd18ee
    name: libnsl2
    evr: 2.0.0-1.el9
    sourcerpm: libnsl2-2.0.0-1.el9.src.rpm
  - url: https://cdn-ubi.redhat.com/content/public/ubi/dist/ubi9/9/s390x/appstream/os/Packages/l/libstdc++-devel-11.5.0-14.el9.s390x.rpm
    repoid: ubi-9-for-s390x-appstream-rpms
    size: 2511857
    checksum: sha256:3a20b3b38b0bdeb41a0e2939e781e4dc9f3cdbae2d80963306e0fd7959777cfa
    name: libstdc++-devel
    evr: 11.5.0-14.el9
    sourcerpm: gcc-11.5.0-14.el9.src.rpm
  - url: https://cdn-ubi.redhat.com/content/public/ubi/dist/ubi9/9/s390x/appstream/os/Packages/l/libubsan-11.5.0-14.el9.s390x.rpm
    repoid: ubi-9-for-s390x-appstream-rpms
    size: 178214
    checksum: sha256:878f2d9993ac668fd6b6d102da23662c1c0ad5e2f547507b46320fc7b698e8c8
    name: libubsan
    evr: 11.5.0-14.el9
    sourcerpm: gcc-11.5.0-14.el9.src.rpm
  - url: https://cdn-ubi.redhat.com/content/public/ubi/dist/ubi9/9/s390x/appstream/os/Packages/l/libxcrypt-devel-4.4.18-3.el9.s390x.rpm
    repoid: ubi-9-for-s390x-appstream-rpms
    size: 33073
    checksum: sha256:b3f6b6b72b5c96a8527e6dd46c421066f94d48f0ada76bbc638bf89f81b19360
    name: libxcrypt-devel
    evr: 4.4.18-3.el9
    sourcerpm: libxcrypt-4.4.18-3.el9.src.rpm
  - url: https://cdn-ubi.redhat.com/content/public/ubi/dist/ubi9/9/s390x/appstream/os/Packages/m/mpdecimal-2.5.1-3.el9.s390x.rpm
    repoid: ubi-9-for-s390x-appstream-rpms
    size: 94813
    checksum: sha256:b293069c431822060b400b3e9c05d93cd622b073578a69daeba394a7c148d933
    name: mpdecimal
    evr: 2.5.1-3.el9
    sourcerpm: mpdecimal-2.5.1-3.el9.src.rpm
  - url: https://cdn-ubi.redhat.com/content/public/ubi/dist/ubi9/9/s390x/appstream/os/Packages/p/python3.11-3.11.13-10.el9_8.s390x.rpm
    repoid: ubi-9-for-s390x-appstream-rpms
    size: 31945
    checksum: sha256:587250fe1f1b8f316a3127f2f5219b2dce606ce90a662440478dfe45ed91e868
    name: python3.11
    evr: 3.11.13-10.el9_8
    sourcerpm: python3.11-3.11.13-10.el9_8.src.rpm
  - url: https://cdn-ubi.redhat.com/content/public/ubi/dist/ubi9/9/s390x/appstream/os/Packages/p/python3.11-devel-3.11.13-10.el9_8.s390x.rpm
    repoid: ubi-9-for-s390x-appstream-rpms
    size: 290330
    checksum: sha256:4726a8845259244519ff2404f56895444335b0405f589f1c309ecdc429d5014c
    name: python3.11-devel
    evr: 3.11.13-10.el9_8
    sourcerpm: python3.11-3.11.13-10.el9_8.src.rpm
  - url: https://cdn-ubi.redhat.com/content/public/ubi/dist/ubi9/9/s390x/appstream/os/Packages/p/python3.11-libs-3.11.13-10.el9_8.s390x.rpm
    repoid: ubi-9-for-s390x-appstream-rpms
    size: 10506442
    checksum: sha256:f88df0e60c9a88346aca4f11f3d1ed2d3b6e1ecd3e1fa47f7e060fc6f6760159
    name: python3.11-libs
    evr: 3.11.13-10.el9_8
    sourcerpm: python3.11-3.11.13-10.el9_8.src.rpm
  - url: https://cdn-ubi.redhat.com/content/public/ubi/dist/ubi9/9/s390x/appstream/os/Packages/p/python3.11-pip-wheel-22.3.1-6.el9.noarch.rpm
    repoid: ubi-9-for-s390x-appstream-rpms
    size: 1488665
    checksum: sha256:0e7e797af157c892a9fce0b6bf9f7b77db57250a16f049ae631e9acae79b5156
    name: python3.11-pip-wheel
    evr: 22.3.1-6.el9
    sourcerpm: python3.11-pip-22.3.1-6.el9.src.rpm
  - url: https://cdn-ubi.redhat.com/content/public/ubi/dist/ubi9/9/s390x/appstream/os/Packages/p/python3.11-setuptools-wheel-65.5.1-5.el9.noarch.rpm
    repoid: ubi-9-for-s390x-appstream-rpms
    size: 730338
    checksum: sha256:33ad44dff52114caa7b85f6e218ad5f9ccd88a538a3cf808377762ff01efb05f
    name: python3.11-setuptools-wheel
    evr: 65.5.1-5.el9
    sourcerpm: python3.11-setuptools-65.5.1-5.el9.src.rpm
  - url: https://cdn-ubi.redhat.com/content/public/ubi/dist/ubi9/9/s390x/baseos/os/Packages/b/binutils-2.35.2-72.el9.s390x.rpm
    repoid: ubi-9-for-s390x-baseos-rpms
    size: 4764430
    checksum: sha256:0a7f24a918c2a4da72a943c3124fe39b40a6778c2f61c4f186d0ece444639dbb
    name: binutils
    evr: 2.35.2-72.el9
    sourcerpm: binutils-2.35.2-72.el9.src.rpm
  - url: https://cdn-ubi.redhat.com/content/public/ubi/dist/ubi9/9/s390x/baseos/os/Packages/b/binutils-gold-2.35.2-72.el9.s390x.rpm
    repoid: ubi-9-for-s390x-baseos-rpms
    size: 850871
    checksum: sha256:1b2b69ee6d9b4ec61e50534e0b20d34cd2227cbdb5c58b586c96bbdae7f50953
    name: binutils-gold
    evr: 2.35.2-72.el9
    sourcerpm: binutils-2.35.2-72.el9.src.rpm
  - url: https://cdn-ubi.redhat.com/content/public/ubi/dist/ubi9/9/s390x/baseos/os/Packages/e/elfutils-debuginfod-client-0.194-1.el9.s390x.rpm
    repoid: ubi-9-for-s390x-baseos-rpms
    size: 43581
    checksum: sha256:b3298012048c8af3337ff1606fcc426e245527e348de123c34b180c5318e891d
    name: elfutils-debuginfod-client
    evr: 0.194-1.el9
    sourcerpm: elfutils-0.194-1.el9.src.rpm
  - url: https://cdn-ubi.redhat.com/content/public/ubi/dist/ubi9/9/s390x/baseos/os/Packages/e/elfutils-default-yama-scope-0.194-1.el9.noarch.rpm
    repoid: ubi-9-for-s390x-baseos-rpms
    size: 8949
    checksum: sha256:c473f42c0fec97e2830580110509e4522bc62d9b11761d062499354a0bf58959
    name: elfutils-default-yama-scope
    evr: 0.194-1.el9
    sourcerpm: elfutils-0.194-1.el9.src.rpm
  - url: https://cdn-ubi.redhat.com/content/public/ubi/dist/ubi9/9/s390x/baseos/os/Packages/e/elfutils-libelf-0.194-1.el9.s390x.rpm
    repoid: ubi-9-for-s390x-baseos-rpms
    size: 203981
    checksum: sha256:1faf4be9ab3e9564eb46198dbcfea895f8f6be34cd7caefab39c394d9553f5ec
    name: elfutils-libelf
    evr: 0.194-1.el9
    sourcerpm: elfutils-0.194-1.el9.src.rpm
  - url: https://cdn-ubi.redhat.com/content/public/ubi/dist/ubi9/9/s390x/baseos/os/Packages/e/elfutils-libs-0.194-1.el9.s390x.rpm
    repoid: ubi-9-for-s390x-baseos-rpms
    size: 273033
    checksum: sha256:83396dc6be40eb7e5967c37edd69adfdb4c71db82897ddff1d53d840e667bc51
    name: elfutils-libs
    evr: 0.194-1.el9
    sourcerpm: elfutils-0.194-1.el9.src.rpm
  - url: https://cdn-ubi.redhat.com/content/public/ubi/dist/ubi9/9/s390x/baseos/os/Packages/e/expat-2.5.0-6.el9_8.1.s390x.rpm
    repoid: ubi-9-for-s390x-baseos-rpms
    size: 123151
    checksum: sha256:a5b24ad347a1722a948f417a7289a89b1aee9047350e88866173e05157239142
    name: expat
    evr: 2.5.0-6.el9_8.1
    sourcerpm: expat-2.5.0-6.el9_8.1.src.rpm
  - url: https://cdn-ubi.redhat.com/content/public/ubi/dist/ubi9/9/s390x/baseos/os/Packages/g/glibc-langpack-en-2.34-272.el9_8.s390x.rpm
    repoid: ubi-9-for-s390x-baseos-rpms
    size: 635109
    checksum: sha256:083d3e6714124144ce51c6a75f8c5248d260b47e6bb83fa4a8bdbb863f397661
    name: glibc-langpack-en
    evr: 2.34-272.el9_8
    sourcerpm: glibc-2.34-272.el9_8.src.rpm
  - url: https://cdn-ubi.redhat.com/content/public/ubi/dist/ubi9/9/s390x/baseos/os/Packages/l/libatomic-11.5.0-14.el9.s390x.rpm
    repoid: ubi-9-for-s390x-baseos-rpms
    size: 23565
    checksum: sha256:d47293bae690a1bcb9de6459429b7e8159bfc4f6977592fbe2f6d527e214aff2
    name: libatomic
    evr: 11.5.0-14.el9
    sourcerpm: gcc-11.5.0-14.el9.src.rpm
  - url: https://cdn-ubi.redhat.com/content/public/ubi/dist/ubi9/9/s390x/baseos/os/Packages/l/libgomp-11.5.0-14.el9.s390x.rpm
    repoid: ubi-9-for-s390x-baseos-rpms
    size: 260367
    checksum: sha256:ba56510e5964f100f002432cb56815c705ef108c7efee431b48f8e59b5ecf67d
    name: libgomp
    evr: 11.5.0-14.el9
    sourcerpm: gcc-11.5.0-14.el9.src.rpm
  - url: https://cdn-ubi.redhat.com/content/public/ubi/dist/ubi9/9/s390x/baseos/os/Packages/l/libpkgconf-1.7.3-10.el9.s390x.rpm
    repoid: ubi-9-for-s390x-baseos-rpms
    size: 37876
    checksum: sha256:fa1da3b44d85663cceaa0faf8eb5f2f7325cc83c381d6018f303edd06cab5938
    name: libpkgconf
    evr: 1.7.3-10.el9
    sourcerpm: pkgconf-1.7.3-10.el9.src.rpm
  - url: https://cdn-ubi.redhat.com/content/public/ubi/dist/ubi9/9/s390x/baseos/os/Packages/l/libtirpc-1.3.3-9.el9.s390x.rpm
    repoid: ubi-9-for-s390x-baseos-rpms
    size: 96807
    checksum: sha256:15e22f029018e50dbd098b5c7fcfbd004aa19abe4952b092ee2858b9d33534e3
    name: libtirpc
    evr: 1.3.3-9.el9
    sourcerpm: libtirpc-1.3.3-9.el9.src.rpm
  - url: https://cdn-ubi.redhat.com/content/public/ubi/dist/ubi9/9/s390x/baseos/os/Packages/m/make-4.3-8.el9.s390x.rpm
    repoid: ubi-9-for-s390x-baseos-rpms
    size: 553451
    checksum: sha256:09c0e578e23112cb98e2234f9587fe7b6def2ae6a4b16e6d52559d546389f4d1
    name: make
    evr: 1:4.3-8.el9
    sourcerpm: make-4.3-8.el9.src.rpm
  - url: https://cdn-ubi.redhat.com/content/public/ubi/dist/ubi9/9/s390x/baseos/os/Packages/p/pkgconf-1.7.3-10.el9.s390x.rpm
    repoid: ubi-9-for-s390x-baseos-rpms
    size: 45258
    checksum: sha256:a5f966f792cacc4696e4187593a915fb56452dd272cf4c81d930968adb3ee00c
    name: pkgconf
    evr: 1.7.3-10.el9
    sourcerpm: pkgconf-1.7.3-10.el9.src.rpm
  - url: https://cdn-ubi.redhat.com/content/public/ubi/dist/ubi9/9/s390x/baseos/os/Packages/p/pkgconf-m4-1.7.3-10.el9.noarch.rpm
    repoid: ubi-9-for-s390x-baseos-rpms
    size: 16054
    checksum: sha256:91bafd6e06099451f60288327b275cfcc651822f6145176a157c6b0fa5131e02
    name: pkgconf-m4
    evr: 1.7.3-10.el9
    sourcerpm: pkgconf-1.7.3-10.el9.src.rpm
  - url: https://cdn-ubi.redhat.com/content/public/ubi/dist/ubi9/9/s390x/baseos/os/Packages/p/pkgconf-pkg-config-1.7.3-10.el9.s390x.rpm
    repoid: ubi-9-for-s390x-baseos-rpms
    size: 12411
    checksum: sha256:ef854bfe75102d994afb58510121164c4b9b8359b7d983cd8904c425a175b750
    name: pkgconf-pkg-config
    evr: 1.7.3-10.el9
    sourcerpm: pkgconf-1.7.3-10.el9.src.rpm
  source: []
  module_metadata: []
- arch: x86_64
  packages:
  - url: https://cdn-ubi.redhat.com/content/public/ubi/dist/ubi9/9/x86_64/appstream/os/Packages/c/cpp-11.5.0-14.el9.x86_64.rpm
    repoid: ubi-9-for-x86_64-appstream-rpms
    size: 11226193
    checksum: sha256:3c0ee1cb8b72f3f5176f8945ab518eb733ccc9f950d317fb5d5ac327d0eb9c90
    name: cpp
    evr: 11.5.0-14.el9
    sourcerpm: gcc-11.5.0-14.el9.src.rpm
  - url: https://cdn-ubi.redhat.com/content/public/ubi/dist/ubi9/9/x86_64/appstream/os/Packages/g/gcc-11.5.0-14.el9.x86_64.rpm
    repoid: ubi-9-for-x86_64-appstream-rpms
    size: 33982584
    checksum: sha256:2082784165bbb246b6e5ef5921ed823f0a9709cacdf5823aa60695fd6d4819a2
    name: gcc
    evr: 11.5.0-14.el9
    sourcerpm: gcc-11.5.0-14.el9.src.rpm
  - url: https://cdn-ubi.redhat.com/content/public/ubi/dist/ubi9/9/x86_64/appstream/os/Packages/g/gcc-c++-11.5.0-14.el9.x86_64.rpm
    repoid: ubi-9-for-x86_64-appstream-rpms
    size: 13474286
    checksum: sha256:b073d8965ad8eed7520a2a1c9b7c961232511ad9188dcc8c92356160a9d51e37
    name: gcc-c++
    evr: 11.5.0-14.el9
    sourcerpm: gcc-11.5.0-14.el9.src.rpm
  - url: https://cdn-ubi.redhat.com/content/public/ubi/dist/ubi9/9/x86_64/appstream/os/Packages/g/glibc-devel-2.34-272.el9_8.x86_64.rpm
    repoid: ubi-9-for-x86_64-appstream-rpms
    size: 46619
    checksum: sha256:528edd253ccac17373c82bad04064a554ee18986a9362860be4d804ff1239825
    name: glibc-devel
    evr: 2.34-272.el9_8
    sourcerpm: glibc-2.34-272.el9_8.src.rpm
  - url: https://cdn-ubi.redhat.com/content/public/ubi/dist/ubi9/9/x86_64/appstream/os/Packages/g/glibc-headers-2.34-272.el9_8.x86_64.rpm
    repoid: ubi-9-for-x86_64-appstream-rpms
    size: 567230
    checksum: sha256:11533070a0fa0133c3184295df9666ddbf5352e1bb748a1e5d7c97da6853cff5
    name: glibc-headers
    evr: 2.34-272.el9_8
    sourcerpm: glibc-2.34-272.el9_8.src.rpm
  - url: https://cdn-ubi.redhat.com/content/public/ubi/dist/ubi9/9/x86_64/appstream/os/Packages/k/kernel-headers-5.14.0-687.20.1.el9_8.x86_64.rpm
    repoid: ubi-9-for-x86_64-appstream-rpms
    size: 2886649
    checksum: sha256:15bc07a73a86aa6278eafa5d523c4de21c8a37f6178b94283845b1bfd929e7f7
    name: kernel-headers
    evr: 5.14.0-687.20.1.el9_8
    sourcerpm: kernel-5.14.0-687.20.1.el9_8.src.rpm
  - url: https://cdn-ubi.redhat.com/content/public/ubi/dist/ubi9/9/x86_64/appstream/os/Packages/l/libmpc-1.2.1-4.el9.x86_64.rpm
    repoid: ubi-9-for-x86_64-appstream-rpms
    size: 66075
    checksum: sha256:b97b4e98c3c6f41dcfc2ceb4ffa1aba7a338b7cfd9e6c4f63e3160dd3cc033d3
    name: libmpc
    evr: 1.2.1-4.el9
    sourcerpm: libmpc-1.2.1-4.el9.src.rpm
  - url: https://cdn-ubi.redhat.com/content/public/ubi/dist/ubi9/9/x86_64/appstream/os/Packages/l/libnsl2-2.0.0-1.el9.x86_64.rpm
    repoid: ubi-9-for-x86_64-appstream-rpms
    size: 33287
    checksum: sha256:052f7a182180528ba6e3c4378e5dcfb84640594a3e2e7bbe4f0167381e824ce0
    name: libnsl2
    evr: 2.0.0-1.el9
    sourcerpm: libnsl2-2.0.0-1.el9.src.rpm
  - url: https://cdn-ubi.redhat.com/content/public/ubi/dist/ubi9/9/x86_64/appstream/os/Packages/l/libstdc++-devel-11.5.0-14.el9.x86_64.rpm
    repoid: ubi-9-for-x86_64-appstream-rpms
    size: 2524816
    checksum: sha256:2d031d05fe073adc74919b8372763ae322615d9df23f4a2c642050ab4b389ce5
    name: libstdc++-devel
    evr: 11.5.0-14.el9
    sourcerpm: gcc-11.5.0-14.el9.src.rpm
  - url: https://cdn-ubi.redhat.com/content/public/ubi/dist/ubi9/9/x86_64/appstream/os/Packages/l/libxcrypt-devel-4.4.18-3.el9.x86_64.rpm
    repoid: ubi-9-for-x86_64-appstream-rpms
    size: 33101
    checksum: sha256:c1d171391a7d2e043a6953efd3df3e01edc9b4c6cdb54517e1608d204a5fce18
    name: libxcrypt-devel
    evr: 4.4.18-3.el9
    sourcerpm: libxcrypt-4.4.18-3.el9.src.rpm
  - url: https://cdn-ubi.redhat.com/content/public/ubi/dist/ubi9/9/x86_64/appstream/os/Packages/m/mpdecimal-2.5.1-3.el9.x86_64.rpm
    repoid: ubi-9-for-x86_64-appstream-rpms
    size: 89670
    checksum: sha256:89a8c9951ac56bed2caa1adbcba349c021af1134b6e2df3fc0a8a60577a4f54d
    name: mpdecimal
    evr: 2.5.1-3.el9
    sourcerpm: mpdecimal-2.5.1-3.el9.src.rpm
  - url: https://cdn-ubi.redhat.com/content/public/ubi/dist/ubi9/9/x86_64/appstream/os/Packages/p/python3.11-3.11.13-10.el9_8.x86_64.rpm
    repoid: ubi-9-for-x86_64-appstream-rpms
    size: 32134
    checksum: sha256:a05e16b5733bceb90f8fc47ffabd7a888d4ba4c7f38af0438a1b871afcb4ea54
    name: python3.11
    evr: 3.11.13-10.el9_8
    sourcerpm: python3.11-3.11.13-10.el9_8.src.rpm
  - url: https://cdn-ubi.redhat.com/content/public/ubi/dist/ubi9/9/x86_64/appstream/os/Packages/p/python3.11-devel-3.11.13-10.el9_8.x86_64.rpm
    repoid: ubi-9-for-x86_64-appstream-rpms
    size: 290373
    checksum: sha256:e01ed253203acb5ef667d773d7741ec66d80b0bb3ab2598b6646d35d57b5a737
    name: python3.11-devel
    evr: 3.11.13-10.el9_8
    sourcerpm: python3.11-3.11.13-10.el9_8.src.rpm
  - url: https://cdn-ubi.redhat.com/content/public/ubi/dist/ubi9/9/x86_64/appstream/os/Packages/p/python3.11-libs-3.11.13-10.el9_8.x86_64.rpm
    repoid: ubi-9-for-x86_64-appstream-rpms
    size: 10713074
    checksum: sha256:81e36bc590fa38f5170e0b577df4401a48390170b0929667d0905e0cc4b47043
    name: python3.11-libs
    evr: 3.11.13-10.el9_8
    sourcerpm: python3.11-3.11.13-10.el9_8.src.rpm
  - url: https://cdn-ubi.redhat.com/content/public/ubi/dist/ubi9/9/x86_64/appstream/os/Packages/p/python3.11-pip-wheel-22.3.1-6.el9.noarch.rpm
    repoid: ubi-9-for-x86_64-appstream-rpms
    size: 1488665
    checksum: sha256:0e7e797af157c892a9fce0b6bf9f7b77db57250a16f049ae631e9acae79b5156
    name: python3.11-pip-wheel
    evr: 22.3.1-6.el9
    sourcerpm: python3.11-pip-22.3.1-6.el9.src.rpm
  - url: https://cdn-ubi.redhat.com/content/public/ubi/dist/ubi9/9/x86_64/appstream/os/Packages/p/python3.11-setuptools-wheel-65.5.1-5.el9.noarch.rpm
    repoid: ubi-9-for-x86_64-appstream-rpms
    size: 730338
    checksum: sha256:33ad44dff52114caa7b85f6e218ad5f9ccd88a538a3cf808377762ff01efb05f
    name: python3.11-setuptools-wheel
    evr: 65.5.1-5.el9
    sourcerpm: python3.11-setuptools-65.5.1-5.el9.src.rpm
  - url: https://cdn-ubi.redhat.com/content/public/ubi/dist/ubi9/9/x86_64/baseos/os/Packages/b/binutils-2.35.2-72.el9.x86_64.rpm
    repoid: ubi-9-for-x86_64-baseos-rpms
    size: 4821853
    checksum: sha256:bda706d43bf47267e31db8ac62fe3206122f97ff035daa6c93ce9cd5063a63ca
    name: binutils
    evr: 2.35.2-72.el9
    sourcerpm: binutils-2.35.2-72.el9.src.rpm
  - url: https://cdn-ubi.redhat.com/content/public/ubi/dist/ubi9/9/x86_64/baseos/os/Packages/b/binutils-gold-2.35.2-72.el9.x86_64.rpm
    repoid: ubi-9-for-x86_64-baseos-rpms
    size: 758393
    checksum: sha256:4d429d1030d8e1c610ba5aea83f8c63090033f440b2c8f788f0e0acd4a3c51b3
    name: binutils-gold
    evr: 2.35.2-72.el9
    sourcerpm: binutils-2.35.2-72.el9.src.rpm
  - url: https://cdn-ubi.redhat.com/content/public/ubi/dist/ubi9/9/x86_64/baseos/os/Packages/e/elfutils-debuginfod-client-0.194-1.el9.x86_64.rpm
    repoid: ubi-9-for-x86_64-baseos-rpms
    size: 43826
    checksum: sha256:1635fd1ecaa9492fa925956dfd56d10063ca336619218f124ab45df0a38b41b0
    name: elfutils-debuginfod-client
    evr: 0.194-1.el9
    sourcerpm: elfutils-0.194-1.el9.src.rpm
  - url: https://cdn-ubi.redhat.com/content/public/ubi/dist/ubi9/9/x86_64/baseos/os/Packages/e/elfutils-default-yama-scope-0.194-1.el9.noarch.rpm
    repoid: ubi-9-for-x86_64-baseos-rpms
    size: 8949
    checksum: sha256:c473f42c0fec97e2830580110509e4522bc62d9b11761d062499354a0bf58959
    name: elfutils-default-yama-scope
    evr: 0.194-1.el9
    sourcerpm: elfutils-0.194-1.el9.src.rpm
  - url: https://cdn-ubi.redhat.com/content/public/ubi/dist/ubi9/9/x86_64/baseos/os/Packages/e/elfutils-libelf-0.194-1.el9.x86_64.rpm
    repoid: ubi-9-for-x86_64-baseos-rpms
    size: 205864
    checksum: sha256:00bbe4776149d8ccedcdf19dd6ceb08c3bb42ff41b98d744abe101af0b11a6c5
    name: elfutils-libelf
    evr: 0.194-1.el9
    sourcerpm: elfutils-0.194-1.el9.src.rpm
  - url: https://cdn-ubi.redhat.com/content/public/ubi/dist/ubi9/9/x86_64/baseos/os/Packages/e/elfutils-libs-0.194-1.el9.x86_64.rpm
    repoid: ubi-9-for-x86_64-baseos-rpms
    size: 274670
    checksum: sha256:ad4f6d425cbc975cead56a2c982e38b0146d00944cbd9b3072d3d1f1271237a5
    name: elfutils-libs
    evr: 0.194-1.el9
    sourcerpm: elfutils-0.194-1.el9.src.rpm
  - url: https://cdn-ubi.redhat.com/content/public/ubi/dist/ubi9/9/x86_64/baseos/os/Packages/e/expat-2.5.0-6.el9_8.1.x86_64.rpm
    repoid: ubi-9-for-x86_64-baseos-rpms
    size: 126909
    checksum: sha256:6a0c98d67b643fe620297e4cd7e990f99a86ed6bc90a8295a952c626ecbb9f62
    name: expat
    evr: 2.5.0-6.el9_8.1
    sourcerpm: expat-2.5.0-6.el9_8.1.src.rpm
  - url: https://cdn-ubi.redhat.com/content/public/ubi/dist/ubi9/9/x86_64/baseos/os/Packages/g/glibc-langpack-en-2.34-272.el9_8.x86_64.rpm
    repoid: ubi-9-for-x86_64-baseos-rpms
    size: 684670
    checksum: sha256:60287099b75389b18f8b57a6b78c252bb77ccde55c97e7b0d22790f912413397
    name: glibc-langpack-en
    evr: 2.34-272.el9_8
    sourcerpm: glibc-2.34-272.el9_8.src.rpm
  - url: https://cdn-ubi.redhat.com/content/public/ubi/dist/ubi9/9/x86_64/baseos/os/Packages/l/libgomp-11.5.0-14.el9.x86_64.rpm
    repoid: ubi-9-for-x86_64-baseos-rpms
    size: 263723
    checksum: sha256:87b9a7316760374111290e6e4c76ee4d093566f08a7c7c91ad7827c5948afb69
    name: libgomp
    evr: 11.5.0-14.el9
    sourcerpm: gcc-11.5.0-14.el9.src.rpm
  - url: https://cdn-ubi.redhat.com/content/public/ubi/dist/ubi9/9/x86_64/baseos/os/Packages/l/libpkgconf-1.7.3-10.el9.x86_64.rpm
    repoid: ubi-9-for-x86_64-baseos-rpms
    size: 38387
    checksum: sha256:4feae5941b73640bd86b8d506a657cac5b770043db1464fbcd207721b2159dda
    name: libpkgconf
    evr: 1.7.3-10.el9
    sourcerpm: pkgconf-1.7.3-10.el9.src.rpm
  - url: https://cdn-ubi.redhat.com/content/public/ubi/dist/ubi9/9/x86_64/baseos/os/Packages/l/libtirpc-1.3.3-9.el9.x86_64.rpm
    repoid: ubi-9-for-x86_64-baseos-rpms
    size: 98934
    checksum: sha256:f82cd69dc3aac881d5b574930c7d274687054cb5b03d3a8e3affa7bbcd5950b1
    name: libtirpc
    evr: 1.3.3-9.el9
    sourcerpm: libtirpc-1.3.3-9.el9.src.rpm
  - url: https://cdn-ubi.redhat.com/content/public/ubi/dist/ubi9/9/x86_64/baseos/os/Packages/m/make-4.3-8.el9.x86_64.rpm
    repoid: ubi-9-for-x86_64-baseos-rpms
    size: 553896
    checksum: sha256:561f0c2251e9217c81a6c88de4d2d9231a039aaab37e8a0d2559d36ce9fa85fd
    name: make
    evr: 1:4.3-8.el9
    sourcerpm: make-4.3-8.el9.src.rpm
  - url: https://cdn-ubi.redhat.com/content/public/ubi/dist/ubi9/9/x86_64/baseos/os/Packages/p/pkgconf-1.7.3-10.el9.x86_64.rpm
    repoid: ubi-9-for-x86_64-baseos-rpms
    size: 45675
    checksum: sha256:bb47b4ecc499c308f41031a99e723827d152d5d750f59849d0c265d820944a26
    name: pkgconf
    evr: 1.7.3-10.el9
    sourcerpm: pkgconf-1.7.3-10.el9.src.rpm
  - url: https://cdn-ubi.redhat.com/content/public/ubi/dist/ubi9/9/x86_64/baseos/os/Packages/p/pkgconf-m4-1.7.3-10.el9.noarch.rpm
    repoid: ubi-9-for-x86_64-baseos-rpms
    size: 16054
    checksum: sha256:91bafd6e06099451f60288327b275cfcc651822f6145176a157c6b0fa5131e02
    name: pkgconf-m4
    evr: 1.7.3-10.el9
    sourcerpm: pkgconf-1.7.3-10.el9.src.rpm
  - url: https://cdn-ubi.redhat.com/content/public/ubi/dist/ubi9/9/x86_64/baseos/os/Packages/p/pkgconf-pkg-config-1.7.3-10.el9.x86_64.rpm
    repoid: ubi-9-for-x86_64-baseos-rpms
    size: 12438
    checksum: sha256:9a502d81d73d3303ceb53a06ad7ce525c97117ea64352174a33708bf3429283d
    name: pkgconf-pkg-config
    evr: 1.7.3-10.el9
    sourcerpm: pkgconf-1.7.3-10.el9.src.rpm
  source: []
  module_metadata: []
