---
lockfileVersion: 1
lockfileVendor: redhat
arches:
- arch: x86_64
  packages:
  - url: https://cdn-ubi.redhat.com/content/public/ubi/dist/ubi9/9/x86_64/appstream/os/Packages/c/cpp-11.5.0-14.el9.x86_64.rpm
    repoid: ubi-9-for-x86_64-appstream-rpms
    size: 11226193
    checksum: sha256:3c0ee1cb8b72f3f5176f8945ab518eb733ccc9f950d317fb5d5ac327d0eb9c90
    name: cpp
    evr: 11.5.0-14.el9
    sourcerpm: gcc-11.5.0-14.el9.src.rpm
  - url: https://cdn-ubi.redhat.com/content/public/ubi/dist/ubi9/9/x86_64/appstream/os/Packages/g/gcc-11.5.0-14.el9.x86_64.rpm
    repoid: ubi-9-for-x86_64-appstream-rpms
    size: 33982584
    checksum: sha256:2082784165bbb246b6e5ef5921ed823f0a9709cacdf5823aa60695fd6d4819a2
    name: gcc
    evr: 11.5.0-14.el9
    sourcerpm: gcc-11.5.0-14.el9.src.rpm
  - url: https://cdn-ubi.redhat.com/content/public/ubi/dist/ubi9/9/x86_64/appstream/os/Packages/g/gcc-c++-11.5.0-14.el9.x86_64.rpm
    repoid: ubi-9-for-x86_64-appstream-rpms
    size: 13474286
    checksum: sha256:b073d8965ad8eed7520a2a1c9b7c961232511ad9188dcc8c92356160a9d51e37
    name: gcc-c++
    evr: 11.5.0-14.el9
    sourcerpm: gcc-11.5.0-14.el9.src.rpm
  - url: https://cdn-ubi.redhat.com/content/public/ubi/dist/ubi9/9/x86_64/appstream/os/Packages/g/glibc-devel-2.34-275.el9_8.x86_64.rpm
    repoid: ubi-9-for-x86_64-appstream-rpms
    size: 46499
    checksum: sha256:a3b6ed698d21192fa7c421094a5d6648411fba4252db28c96d629778c86e6cd5
    name: glibc-devel
    evr: 2.34-275.el9_8
    sourcerpm: glibc-2.34-275.el9_8.src.rpm
  - url: https://cdn-ubi.redhat.com/content/public/ubi/dist/ubi9/9/x86_64/appstream/os/Packages/g/glibc-headers-2.34-275.el9_8.x86_64.rpm
    repoid: ubi-9-for-x86_64-appstream-rpms
    size: 567171
    checksum: sha256:2124192aba2e7931cdf00c2dcd4b70b71b313790c28dcf09b2fb09cc9831c86f
    name: glibc-headers
    evr: 2.34-275.el9_8
    sourcerpm: glibc-2.34-275.el9_8.src.rpm
  - url: https://cdn-ubi.redhat.com/content/public/ubi/dist/ubi9/9/x86_64/appstream/os/Packages/k/kernel-headers-5.14.0-687.42.1.el9_8.x86_64.rpm
    repoid: ubi-9-for-x86_64-appstream-rpms
    size: 2913473
    checksum: sha256:6a2a1bdb7d755358f35a283de880abb48b359aedd5fdfcd2da80bbe03541688c
    name: kernel-headers
    evr: 5.14.0-687.42.1.el9_8
    sourcerpm: kernel-5.14.0-687.42.1.el9_8.src.rpm
  - url: https://cdn-ubi.redhat.com/content/public/ubi/dist/ubi9/9/x86_64/appstream/os/Packages/l/libffi-devel-3.4.2-8.el9.x86_64.rpm
    repoid: ubi-9-for-x86_64-appstream-rpms
    size: 32520
    checksum: sha256:cd74ba2a4bac6b9f7df20e50915e0aeee6581dd815d3a388eb3f9c45565cef68
    name: libffi-devel
    evr: 3.4.2-8.el9
    sourcerpm: libffi-3.4.2-8.el9.src.rpm
  - url: https://cdn-ubi.redhat.com/content/public/ubi/dist/ubi9/9/x86_64/appstream/os/Packages/l/libmpc-1.2.1-4.el9.x86_64.rpm
    repoid: ubi-9-for-x86_64-appstream-rpms
    size: 66075
    checksum: sha256:b97b4e98c3c6f41dcfc2ceb4ffa1aba7a338b7cfd9e6c4f63e3160dd3cc033d3
    name: libmpc
    evr: 1.2.1-4.el9
    sourcerpm: libmpc-1.2.1-4.el9.src.rpm
  - url: https://cdn-ubi.redhat.com/content/public/ubi/dist/ubi9/9/x86_64/appstream/os/Packages/l/libnsl2-2.0.0-1.el9.x86_64.rpm
    repoid: ubi-9-for-x86_64-appstream-rpms
    size: 33287
    checksum: sha256:052f7a182180528ba6e3c4378e5dcfb84640594a3e2e7bbe4f0167381e824ce0
    name: libnsl2
    evr: 2.0.0-1.el9
    sourcerpm: libnsl2-2.0.0-1.el9.src.rpm
  - url: https://cdn-ubi.redhat.com/content/public/ubi/dist/ubi9/9/x86_64/appstream/os/Packages/l/libpq-13.23-3.el9_8.x86_64.rpm
    repoid: ubi-9-for-x86_64-appstream-rpms
    size: 221361
    checksum: sha256:6da0ae044e0c1d9668f0f5c57a1c7fd69f34233b07711224b6795bdadf306eb1
    name: libpq
    evr: 13.23-3.el9_8
    sourcerpm: libpq-13.23-3.el9_8.src.rpm
  - url: https://cdn-ubi.redhat.com/content/public/ubi/dist/ubi9/9/x86_64/appstream/os/Packages/l/libpq-devel-13.23-3.el9_8.x86_64.rpm
    repoid: ubi-9-for-x86_64-appstream-rpms
    size: 107753
    checksum: sha256:0fc8a83556bce5d87f7a198f9de8dce979b4096ae9805bd7f0b4d6337fc41705
    name: libpq-devel
    evr: 13.23-3.el9_8
    sourcerpm: libpq-13.23-3.el9_8.src.rpm
  - url: https://cdn-ubi.redhat.com/content/public/ubi/dist/ubi9/9/x86_64/appstream/os/Packages/l/libstdc++-devel-11.5.0-14.el9.x86_64.rpm
    repoid: ubi-9-for-x86_64-appstream-rpms
    size: 2524816
    checksum: sha256:2d031d05fe073adc74919b8372763ae322615d9df23f4a2c642050ab4b389ce5
    name: libstdc++-devel
    evr: 11.5.0-14.el9
    sourcerpm: gcc-11.5.0-14.el9.src.rpm
  - url: https://cdn-ubi.redhat.com/content/public/ubi/dist/ubi9/9/x86_64/appstream/os/Packages/l/libxcrypt-devel-4.4.18-3.el9.x86_64.rpm
    repoid: ubi-9-for-x86_64-appstream-rpms
    size: 33101
    checksum: sha256:c1d171391a7d2e043a6953efd3df3e01edc9b4c6cdb54517e1608d204a5fce18
    name: libxcrypt-devel
    evr: 4.4.18-3.el9
    sourcerpm: libxcrypt-4.4.18-3.el9.src.rpm
  - url: https://cdn-ubi.redhat.com/content/public/ubi/dist/ubi9/9/x86_64/appstream/os/Packages/l/libzstd-devel-1.5.5-1.el9.x86_64.rpm
    repoid: ubi-9-for-x86_64-appstream-rpms
    size: 53219
    checksum: sha256:5eff37e589fce787982840ace9bd4fa9a869287b186727be87d829e525e16624
    name: libzstd-devel
    evr: 1.5.5-1.el9
    sourcerpm: zstd-1.5.5-1.el9.src.rpm
  - url: https://cdn-ubi.redhat.com/content/public/ubi/dist/ubi9/9/x86_64/appstream/os/Packages/l/lz4-devel-1.9.3-5.el9.x86_64.rpm
    repoid: ubi-9-for-x86_64-appstream-rpms
    size: 32608
    checksum: sha256:9b78b11c8295c773d1ffb5ad261e2e27054a03c761bfe660d4b01000525f9d30
    name: lz4-devel
    evr: 1.9.3-5.el9
    sourcerpm: lz4-1.9.3-5.el9.src.rpm
  - url: https://cdn-ubi.redhat.com/content/public/ubi/dist/ubi9/9/x86_64/appstream/os/Packages/m/mpdecimal-2.5.1-3.el9.x86_64.rpm
    repoid: ubi-9-for-x86_64-appstream-rpms
    size: 89670
    checksum: sha256:89a8c9951ac56bed2caa1adbcba349c021af1134b6e2df3fc0a8a60577a4f54d
    name: mpdecimal
    evr: 2.5.1-3.el9
    sourcerpm: mpdecimal-2.5.1-3.el9.src.rpm
  - url: https://cdn-ubi.redhat.com/content/public/ubi/dist/ubi9/9/x86_64/appstream/os/Packages/o/openblas-0.3.29-1.el9.x86_64.rpm
    repoid: ubi-9-for-x86_64-appstream-rpms
    size: 43115
    checksum: sha256:8e0936be32a50acb14286520fa8334b9f2d89bae1d6ae0c2ca6f4ddbe931beab
    name: openblas
    evr: 0.3.29-1.el9
    sourcerpm: openblas-0.3.29-1.el9.src.rpm
  - url: https://cdn-ubi.redhat.com/content/public/ubi/dist/ubi9/9/x86_64/appstream/os/Packages/o/openblas-openmp-0.3.29-1.el9.x86_64.rpm
    repoid: ubi-9-for-x86_64-appstream-rpms
    size: 5540681
    checksum: sha256:fbe0137413e1889bcc06a7198423ecda043e820edee976cbf5b931454ee36601
    name: openblas-openmp
    evr: 0.3.29-1.el9
    sourcerpm: openblas-0.3.29-1.el9.src.rpm
  - url: https://cdn-ubi.redhat.com/content/public/ubi/dist/ubi9/9/x86_64/appstream/os/Packages/o/openblas-openmp64-0.3.29-1.el9.x86_64.rpm
    repoid: ubi-9-for-x86_64-appstream-rpms
    size: 5410045
    checksum: sha256:711c27431cb705aeac9f7617b957c83d10dbbfa1c1d75272fd4be7a33afd66b9
    name: openblas-openmp64
    evr: 0.3.29-1.el9
    sourcerpm: openblas-0.3.29-1.el9.src.rpm
  - url: https://cdn-ubi.redhat.com/content/public/ubi/dist/ubi9/9/x86_64/appstream/os/Packages/o/openblas-serial-0.3.29-1.el9.x86_64.rpm
    repoid: ubi-9-for-x86_64-appstream-rpms
    size: 5284997
    checksum: sha256:5a27238ce32d2ae7c7309df1c8809f5b4d42dd340c53c90e9c0721820fc81179
    name: openblas-serial
    evr: 0.3.29-1.el9
    sourcerpm: openblas-0.3.29-1.el9.src.rpm
  - url: https://cdn-ubi.redhat.com/content/public/ubi/dist/ubi9/9/x86_64/appstream/os/Packages/o/openblas-srpm-macros-2-11.el9.noarch.rpm
    repoid: ubi-9-for-x86_64-appstream-rpms
    size: 8807
    checksum: sha256:091911db0712bfe9b03952046191438bdd9b1080558e0c1014611d39aa80571d
    name: openblas-srpm-macros
    evr: 2-11.el9
    sourcerpm: openblas-srpm-macros-2-11.el9.src.rpm
  - url: https://cdn-ubi.redhat.com/content/public/ubi/dist/ubi9/9/x86_64/appstream/os/Packages/o/openssl-devel-3.5.5-6.el9_8.x86_64.rpm
    repoid: ubi-9-for-x86_64-appstream-rpms
    size: 5029526
    checksum: sha256:84e54b3467ecfe70c75688f28dbc0e071e268d845db17b28a1f35a35d45640cd
    name: openssl-devel
    evr: 1:3.5.5-6.el9_8
    sourcerpm: openssl-3.5.5-6.el9_8.src.rpm
  - url: https://cdn-ubi.redhat.com/content/public/ubi/dist/ubi9/9/x86_64/appstream/os/Packages/p/python3.11-3.11.13-10.el9_8.x86_64.rpm
    repoid: ubi-9-for-x86_64-appstream-rpms
    size: 32134
    checksum: sha256:a05e16b5733bceb90f8fc47ffabd7a888d4ba4c7f38af0438a1b871afcb4ea54
    name: python3.11
    evr: 3.11.13-10.el9_8
    sourcerpm: python3.11-3.11.13-10.el9_8.src.rpm
  - url: https://cdn-ubi.redhat.com/content/public/ubi/dist/ubi9/9/x86_64/appstream/os/Packages/p/python3.11-devel-3.11.13-10.el9_8.x86_64.rpm
    repoid: ubi-9-for-x86_64-appstream-rpms
    size: 290373
    checksum: sha256:e01ed253203acb5ef667d773d7741ec66d80b0bb3ab2598b6646d35d57b5a737
    name: python3.11-devel
    evr: 3.11.13-10.el9_8
    sourcerpm: python3.11-3.11.13-10.el9_8.src.rpm
  - url: https://cdn-ubi.redhat.com/content/public/ubi/dist/ubi9/9/x86_64/appstream/os/Packages/p/python3.11-libs-3.11.13-10.el9_8.x86_64.rpm
    repoid: ubi-9-for-x86_64-appstream-rpms
    size: 10713074
    checksum: sha256:81e36bc590fa38f5170e0b577df4401a48390170b0929667d0905e0cc4b47043
    name: python3.11-libs
    evr: 3.11.13-10.el9_8
    sourcerpm: python3.11-3.11.13-10.el9_8.src.rpm
  - url: https://cdn-ubi.redhat.com/content/public/ubi/dist/ubi9/9/x86_64/appstream/os/Packages/p/python3.11-pip-wheel-22.3.1-6.el9.noarch.rpm
    repoid: ubi-9-for-x86_64-appstream-rpms
    size: 1488665
    checksum: sha256:0e7e797af157c892a9fce0b6bf9f7b77db57250a16f049ae631e9acae79b5156
    name: python3.11-pip-wheel
    evr: 22.3.1-6.el9
    sourcerpm: python3.11-pip-22.3.1-6.el9.src.rpm
  - url: https://cdn-ubi.redhat.com/content/public/ubi/dist/ubi9/9/x86_64/appstream/os/Packages/p/python3.11-setuptools-wheel-65.5.1-5.el9.noarch.rpm
    repoid: ubi-9-for-x86_64-appstream-rpms
    size: 730338
    checksum: sha256:33ad44dff52114caa7b85f6e218ad5f9ccd88a538a3cf808377762ff01efb05f
    name: python3.11-setuptools-wheel
    evr: 65.5.1-5.el9
    sourcerpm: python3.11-setuptools-65.5.1-5.el9.src.rpm
  - url: https://cdn-ubi.redhat.com/content/public/ubi/dist/ubi9/9/x86_64/baseos/os/Packages/b/binutils-2.35.2-72.el9.x86_64.rpm
    repoid: ubi-9-for-x86_64-baseos-rpms
    size: 4821853
    checksum: sha256:bda706d43bf47267e31db8ac62fe3206122f97ff035daa6c93ce9cd5063a63ca
    name: binutils
    evr: 2.35.2-72.el9
    sourcerpm: binutils-2.35.2-72.el9.src.rpm
  - url: https://cdn-ubi.redhat.com/content/public/ubi/dist/ubi9/9/x86_64/baseos/os/Packages/b/binutils-gold-2.35.2-72.el9.x86_64.rpm
    repoid: ubi-9-for-x86_64-baseos-rpms
    size: 758393
    checksum: sha256:4d429d1030d8e1c610ba5aea83f8c63090033f440b2c8f788f0e0acd4a3c51b3
    name: binutils-gold
    evr: 2.35.2-72.el9
    sourcerpm: binutils-2.35.2-72.el9.src.rpm
  - url: https://cdn-ubi.redhat.com/content/public/ubi/dist/ubi9/9/x86_64/baseos/os/Packages/e/elfutils-debuginfod-client-0.194-1.el9.x86_64.rpm
    repoid: ubi-9-for-x86_64-baseos-rpms
    size: 43826
    checksum: sha256:1635fd1ecaa9492fa925956dfd56d10063ca336619218f124ab45df0a38b41b0
    name: elfutils-debuginfod-client
    evr: 0.194-1.el9
    sourcerpm: elfutils-0.194-1.el9.src.rpm
  - url: https://cdn-ubi.redhat.com/content/public/ubi/dist/ubi9/9/x86_64/baseos/os/Packages/e/elfutils-default-yama-scope-0.194-1.el9.noarch.rpm
    repoid: ubi-9-for-x86_64-baseos-rpms
    size: 8949
    checksum: sha256:c473f42c0fec97e2830580110509e4522bc62d9b11761d062499354a0bf58959
    name: elfutils-default-yama-scope
    evr: 0.194-1.el9
    sourcerpm: elfutils-0.194-1.el9.src.rpm
  - url: https://cdn-ubi.redhat.com/content/public/ubi/dist/ubi9/9/x86_64/baseos/os/Packages/e/elfutils-libelf-0.194-1.el9.x86_64.rpm
    repoid: ubi-9-for-x86_64-baseos-rpms
    size: 205864
    checksum: sha256:00bbe4776149d8ccedcdf19dd6ceb08c3bb42ff41b98d744abe101af0b11a6c5
    name: elfutils-libelf
    evr: 0.194-1.el9
    sourcerpm: elfutils-0.194-1.el9.src.rpm
  - url: https://cdn-ubi.redhat.com/content/public/ubi/dist/ubi9/9/x86_64/baseos/os/Packages/e/elfutils-libs-0.194-1.el9.x86_64.rpm
    repoid: ubi-9-for-x86_64-baseos-rpms
    size: 274670
    checksum: sha256:ad4f6d425cbc975cead56a2c982e38b0146d00944cbd9b3072d3d1f1271237a5
    name: elfutils-libs
    evr: 0.194-1.el9
    sourcerpm: elfutils-0.194-1.el9.src.rpm
  - url: https://cdn-ubi.redhat.com/content/public/ubi/dist/ubi9/9/x86_64/baseos/os/Packages/e/expat-2.5.0-6.el9_8.1.x86_64.rpm
    repoid: ubi-9-for-x86_64-baseos-rpms
    size: 126909
    checksum: sha256:6a0c98d67b643fe620297e4cd7e990f99a86ed6bc90a8295a952c626ecbb9f62
    name: expat
    evr: 2.5.0-6.el9_8.1
    sourcerpm: expat-2.5.0-6.el9_8.1.src.rpm
  - url: https://cdn-ubi.redhat.com/content/public/ubi/dist/ubi9/9/x86_64/baseos/os/Packages/g/glibc-langpack-en-2.34-275.el9_8.x86_64.rpm
    repoid: ubi-9-for-x86_64-baseos-rpms
    size: 684396
    checksum: sha256:30632002a67bc82b459e374c4be06fcaf62515c2e8eb44bd7d59a75a43d25f8c
    name: glibc-langpack-en
    evr: 2.34-275.el9_8
    sourcerpm: glibc-2.34-275.el9_8.src.rpm
  - url: https://cdn-ubi.redhat.com/content/public/ubi/dist/ubi9/9/x86_64/baseos/os/Packages/l/libgfortran-11.5.0-14.el9.x86_64.rpm
    repoid: ubi-9-for-x86_64-baseos-rpms
    size: 813380
    checksum: sha256:11d2f1c6c2ca35bdf7e866e80615d17d10601bc512905c8ef4f74ff8b0a3015a
    name: libgfortran
    evr: 11.5.0-14.el9
    sourcerpm: gcc-11.5.0-14.el9.src.rpm
  - url: https://cdn-ubi.redhat.com/content/public/ubi/dist/ubi9/9/x86_64/baseos/os/Packages/l/libgomp-11.5.0-14.el9.x86_64.rpm
    repoid: ubi-9-for-x86_64-baseos-rpms
    size: 263723
    checksum: sha256:87b9a7316760374111290e6e4c76ee4d093566f08a7c7c91ad7827c5948afb69
    name: libgomp
    evr: 11.5.0-14.el9
    sourcerpm: gcc-11.5.0-14.el9.src.rpm
  - url: https://cdn-ubi.redhat.com/content/public/ubi/dist/ubi9/9/x86_64/baseos/os/Packages/l/libpkgconf-1.7.3-10.el9.x86_64.rpm
    repoid: ubi-9-for-x86_64-baseos-rpms
    size: 38387
    checksum: sha256:4feae5941b73640bd86b8d506a657cac5b770043db1464fbcd207721b2159dda
    name: libpkgconf
    evr: 1.7.3-10.el9
    sourcerpm: pkgconf-1.7.3-10.el9.src.rpm
  - url: https://cdn-ubi.redhat.com/content/public/ubi/dist/ubi9/9/x86_64/baseos/os/Packages/l/libquadmath-11.5.0-14.el9.x86_64.rpm
    repoid: ubi-9-for-x86_64-baseos-rpms
    size: 188925
    checksum: sha256:6fd5a850dc8e0a5b17c95089a8da0319beb8bf6ba68b633366d509458b332448
    name: libquadmath
    evr: 11.5.0-14.el9
    sourcerpm: gcc-11.5.0-14.el9.src.rpm
  - url: https://cdn-ubi.redhat.com/content/public/ubi/dist/ubi9/9/x86_64/baseos/os/Packages/l/libtirpc-1.3.3-9.el9.x86_64.rpm
    repoid: ubi-9-for-x86_64-baseos-rpms
    size: 98934
    checksum: sha256:f82cd69dc3aac881d5b574930c7d274687054cb5b03d3a8e3affa7bbcd5950b1
    name: libtirpc
    evr: 1.3.3-9.el9
    sourcerpm: libtirpc-1.3.3-9.el9.src.rpm
  - url: https://cdn-ubi.redhat.com/content/public/ubi/dist/ubi9/9/x86_64/baseos/os/Packages/m/make-4.3-8.el9.x86_64.rpm
    repoid: ubi-9-for-x86_64-baseos-rpms
    size: 553896
    checksum: sha256:561f0c2251e9217c81a6c88de4d2d9231a039aaab37e8a0d2559d36ce9fa85fd
    name: make
    evr: 1:4.3-8.el9
    sourcerpm: make-4.3-8.el9.src.rpm
  - url: https://cdn-ubi.redhat.com/content/public/ubi/dist/ubi9/9/x86_64/baseos/os/Packages/p/pkgconf-1.7.3-10.el9.x86_64.rpm
    repoid: ubi-9-for-x86_64-baseos-rpms
    size: 45675
    checksum: sha256:bb47b4ecc499c308f41031a99e723827d152d5d750f59849d0c265d820944a26
    name: pkgconf
    evr: 1.7.3-10.el9
    sourcerpm: pkgconf-1.7.3-10.el9.src.rpm
  - url: https://cdn-ubi.redhat.com/content/public/ubi/dist/ubi9/9/x86_64/baseos/os/Packages/p/pkgconf-m4-1.7.3-10.el9.noarch.rpm
    repoid: ubi-9-for-x86_64-baseos-rpms
    size: 16054
    checksum: sha256:91bafd6e06099451f60288327b275cfcc651822f6145176a157c6b0fa5131e02
    name: pkgconf-m4
    evr: 1.7.3-10.el9
    sourcerpm: pkgconf-1.7.3-10.el9.src.rpm
  - url: https://cdn-ubi.redhat.com/content/public/ubi/dist/ubi9/9/x86_64/baseos/os/Packages/p/pkgconf-pkg-config-1.7.3-10.el9.x86_64.rpm
    repoid: ubi-9-for-x86_64-baseos-rpms
    size: 12438
    checksum: sha256:9a502d81d73d3303ceb53a06ad7ce525c97117ea64352174a33708bf3429283d
    name: pkgconf-pkg-config
    evr: 1.7.3-10.el9
    sourcerpm: pkgconf-1.7.3-10.el9.src.rpm
  - url: https://cdn-ubi.redhat.com/content/public/ubi/dist/ubi9/9/x86_64/codeready-builder/os/Packages/o/openblas-devel-0.3.29-1.el9.x86_64.rpm
    repoid: codeready-builder-for-ubi-9-x86_64-rpms
    size: 86337
    checksum: sha256:6164d97d54dc09830de7ecf5409167da6e2d6a5826c4d603f20c307b66961521
    name: openblas-devel
    evr: 0.3.29-1.el9
    sourcerpm: openblas-0.3.29-1.el9.src.rpm
  - url: https://cdn-ubi.redhat.com/content/public/ubi/dist/ubi9/9/x86_64/codeready-builder/os/Packages/o/openblas-openmp64_-0.3.29-1.el9.x86_64.rpm
    repoid: codeready-builder-for-ubi-9-x86_64-rpms
    size: 5399412
    checksum: sha256:2247895f362667a2d5ec14d0a4cd6246c954c58e1e024d4bd19c21a960dc577b
    name: openblas-openmp64_
    evr: 0.3.29-1.el9
    sourcerpm: openblas-0.3.29-1.el9.src.rpm
  - url: https://cdn-ubi.redhat.com/content/public/ubi/dist/ubi9/9/x86_64/codeready-builder/os/Packages/o/openblas-serial64-0.3.29-1.el9.x86_64.rpm
    repoid: codeready-builder-for-ubi-9-x86_64-rpms
    size: 5165804
    checksum: sha256:a3a5b9ca0b858962ae082cbe830d9649b094fda9fde98735f4ce2440ab245224
    name: openblas-serial64
    evr: 0.3.29-1.el9
    sourcerpm: openblas-0.3.29-1.el9.src.rpm
  - url: https://cdn-ubi.redhat.com/content/public/ubi/dist/ubi9/9/x86_64/codeready-builder/os/Packages/o/openblas-serial64_-0.3.29-1.el9.x86_64.rpm
    repoid: codeready-builder-for-ubi-9-x86_64-rpms
    size: 5146655
    checksum: sha256:36d279ad9b578ac857be526d96464e035d8b8f15fc23a643b43a6ddbd16d1133
    name: openblas-serial64_
    evr: 0.3.29-1.el9
    sourcerpm: openblas-0.3.29-1.el9.src.rpm
  - url: https://cdn-ubi.redhat.com/content/public/ubi/dist/ubi9/9/x86_64/codeready-builder/os/Packages/o/openblas-threads-0.3.29-1.el9.x86_64.rpm
    repoid: codeready-builder-for-ubi-9-x86_64-rpms
    size: 5526706
    checksum: sha256:143aa15bdcd6ca40169a9e7c225604fa934907398e57dd7091853c55f648904c
    name: openblas-threads
    evr: 0.3.29-1.el9
    sourcerpm: openblas-0.3.29-1.el9.src.rpm
  - url: https://cdn-ubi.redhat.com/content/public/ubi/dist/ubi9/9/x86_64/codeready-builder/os/Packages/o/openblas-threads64-0.3.29-1.el9.x86_64.rpm
    repoid: codeready-builder-for-ubi-9-x86_64-rpms
    size: 5394849
    checksum: sha256:b4aa939830f27a068df03016d2f6d56c70c106007f893a3270c3a39fef766b6c
    name: openblas-threads64
    evr: 0.3.29-1.el9
    sourcerpm: openblas-0.3.29-1.el9.src.rpm
  - url: https://cdn-ubi.redhat.com/content/public/ubi/dist/ubi9/9/x86_64/codeready-builder/os/Packages/o/openblas-threads64_-0.3.29-1.el9.x86_64.rpm
    repoid: codeready-builder-for-ubi-9-x86_64-rpms
    size: 5382065
    checksum: sha256:c255f7e8b68aca61e2cf65bb044d4b372d1f8e53fd84ad4083f98c98896db57b
    name: openblas-threads64_
    evr: 0.3.29-1.el9
    sourcerpm: openblas-0.3.29-1.el9.src.rpm
  source: []
  module_metadata: []
