---
lockfileVersion: 1
lockfileVendor: redhat
arches:
- arch: x86_64
  packages:
  - url: https://cdn-ubi.redhat.com/content/public/ubi/dist/ubi9/9/x86_64/appstream/os/Packages/c/cpp-11.5.0-14.el9.x86_64.rpm
    repoid: ubi-9-for-x86_64-appstream-rpms
    size: 11226193
    checksum: sha256:3c0ee1cb8b72f3f5176f8945ab518eb733ccc9f950d317fb5d5ac327d0eb9c90
    name: cpp
    evr: 11.5.0-14.el9
    sourcerpm: gcc-11.5.0-14.el9.src.rpm
  - url: https://cdn-ubi.redhat.com/content/public/ubi/dist/ubi9/9/x86_64/appstream/os/Packages/g/gcc-11.5.0-14.el9.x86_64.rpm
    repoid: ubi-9-for-x86_64-appstream-rpms
    size: 33982584
    checksum: sha256:2082784165bbb246b6e5ef5921ed823f0a9709cacdf5823aa60695fd6d4819a2
    name: gcc
    evr: 11.5.0-14.el9
    sourcerpm: gcc-11.5.0-14.el9.src.rpm
  - url: https://cdn-ubi.redhat.com/content/public/ubi/dist/ubi9/9/x86_64/appstream/os/Packages/g/gcc-c++-11.5.0-14.el9.x86_64.rpm
    repoid: ubi-9-for-x86_64-appstream-rpms
    size: 13474286
    checksum: sha256:b073d8965ad8eed7520a2a1c9b7c961232511ad9188dcc8c92356160a9d51e37
    name: gcc-c++
    evr: 11.5.0-14.el9
    sourcerpm: gcc-11.5.0-14.el9.src.rpm
  - url: https://cdn-ubi.redhat.com/content/public/ubi/dist/ubi9/9/x86_64/appstream/os/Packages/g/glibc-devel-2.34-272.el9_8.x86_64.rpm
    repoid: ubi-9-for-x86_64-appstream-rpms
    size: 46619
    checksum: sha256:528edd253ccac17373c82bad04064a554ee18986a9362860be4d804ff1239825
    name: glibc-devel
    evr: 2.34-272.el9_8
    sourcerpm: glibc-2.34-272.el9_8.src.rpm
  - url: https://cdn-ubi.redhat.com/content/public/ubi/dist/ubi9/9/x86_64/appstream/os/Packages/g/glibc-headers-2.34-272.el9_8.x86_64.rpm
    repoid: ubi-9-for-x86_64-appstream-rpms
    size: 567230
    checksum: sha256:11533070a0fa0133c3184295df9666ddbf5352e1bb748a1e5d7c97da6853cff5
    name: glibc-headers
    evr: 2.34-272.el9_8
    sourcerpm: glibc-2.34-272.el9_8.src.rpm
  - url: https://cdn-ubi.redhat.com/content/public/ubi/dist/ubi9/9/x86_64/appstream/os/Packages/k/kernel-headers-5.14.0-687.20.1.el9_8.x86_64.rpm
    repoid: ubi-9-for-x86_64-appstream-rpms
    size: 2886649
    checksum: sha256:15bc07a73a86aa6278eafa5d523c4de21c8a37f6178b94283845b1bfd929e7f7
    name: kernel-headers
    evr: 5.14.0-687.20.1.el9_8
    sourcerpm: kernel-5.14.0-687.20.1.el9_8.src.rpm
  - url: https://cdn-ubi.redhat.com/content/public/ubi/dist/ubi9/9/x86_64/appstream/os/Packages/l/libmpc-1.2.1-4.el9.x86_64.rpm
    repoid: ubi-9-for-x86_64-appstream-rpms
    size: 66075
    checksum: sha256:b97b4e98c3c6f41dcfc2ceb4ffa1aba7a338b7cfd9e6c4f63e3160dd3cc033d3
    name: libmpc
    evr: 1.2.1-4.el9
    sourcerpm: libmpc-1.2.1-4.el9.src.rpm
  - url: https://cdn-ubi.redhat.com/content/public/ubi/dist/ubi9/9/x86_64/appstream/os/Packages/l/libnsl2-2.0.0-1.el9.x86_64.rpm
    repoid: ubi-9-for-x86_64-appstream-rpms
    size: 33287
    checksum: sha256:052f7a182180528ba6e3c4378e5dcfb84640594a3e2e7bbe4f0167381e824ce0
    name: libnsl2
    evr: 2.0.0-1.el9
    sourcerpm: libnsl2-2.0.0-1.el9.src.rpm
  - url: https://cdn-ubi.redhat.com/content/public/ubi/dist/ubi9/9/x86_64/appstream/os/Packages/l/libstdc++-devel-11.5.0-14.el9.x86_64.rpm
    repoid: ubi-9-for-x86_64-appstream-rpms
    size: 2524816
    checksum: sha256:2d031d05fe073adc74919b8372763ae322615d9df23f4a2c642050ab4b389ce5
    name: libstdc++-devel
    evr: 11.5.0-14.el9
    sourcerpm: gcc-11.5.0-14.el9.src.rpm
  - url: https://cdn-ubi.redhat.com/content/public/ubi/dist/ubi9/9/x86_64/appstream/os/Packages/l/libxcrypt-devel-4.4.18-3.el9.x86_64.rpm
    repoid: ubi-9-for-x86_64-appstream-rpms
    size: 33101
    checksum: sha256:c1d171391a7d2e043a6953efd3df3e01edc9b4c6cdb54517e1608d204a5fce18
    name: libxcrypt-devel
    evr: 4.4.18-3.el9
    sourcerpm: libxcrypt-4.4.18-3.el9.src.rpm
  - url: https://cdn-ubi.redhat.com/content/public/ubi/dist/ubi9/9/x86_64/appstream/os/Packages/m/mpdecimal-2.5.1-3.el9.x86_64.rpm
    repoid: ubi-9-for-x86_64-appstream-rpms
    size: 89670
    checksum: sha256:89a8c9951ac56bed2caa1adbcba349c021af1134b6e2df3fc0a8a60577a4f54d
    name: mpdecimal
    evr: 2.5.1-3.el9
    sourcerpm: mpdecimal-2.5.1-3.el9.src.rpm
  - url: https://cdn-ubi.redhat.com/content/public/ubi/dist/ubi9/9/x86_64/appstream/os/Packages/p/python3.11-3.11.13-10.el9_8.x86_64.rpm
    repoid: ubi-9-for-x86_64-appstream-rpms
    size: 32134
    checksum: sha256:a05e16b5733bceb90f8fc47ffabd7a888d4ba4c7f38af0438a1b871afcb4ea54
    name: python3.11
    evr: 3.11.13-10.el9_8
    sourcerpm: python3.11-3.11.13-10.el9_8.src.rpm
  - url: https://cdn-ubi.redhat.com/content/public/ubi/dist/ubi9/9/x86_64/appstream/os/Packages/p/python3.11-devel-3.11.13-10.el9_8.x86_64.rpm
    repoid: ubi-9-for-x86_64-appstream-rpms
    size: 290373
    checksum: sha256:e01ed253203acb5ef667d773d7741ec66d80b0bb3ab2598b6646d35d57b5a737
    name: python3.11-devel
    evr: 3.11.13-10.el9_8
    sourcerpm: python3.11-3.11.13-10.el9_8.src.rpm
  - url: https://cdn-ubi.redhat.com/content/public/ubi/dist/ubi9/9/x86_64/appstream/os/Packages/p/python3.11-libs-3.11.13-10.el9_8.x86_64.rpm
    repoid: ubi-9-for-x86_64-appstream-rpms
    size: 10713074
    checksum: sha256:81e36bc590fa38f5170e0b577df4401a48390170b0929667d0905e0cc4b47043
    name: python3.11-libs
    evr: 3.11.13-10.el9_8
    sourcerpm: python3.11-3.11.13-10.el9_8.src.rpm
  - url: https://cdn-ubi.redhat.com/content/public/ubi/dist/ubi9/9/x86_64/appstream/os/Packages/p/python3.11-pip-wheel-22.3.1-6.el9.noarch.rpm
    repoid: ubi-9-for-x86_64-appstream-rpms
    size: 1488665
    checksum: sha256:0e7e797af157c892a9fce0b6bf9f7b77db57250a16f049ae631e9acae79b5156
    name: python3.11-pip-wheel
    evr: 22.3.1-6.el9
    sourcerpm: python3.11-pip-22.3.1-6.el9.src.rpm
  - url: https://cdn-ubi.redhat.com/content/public/ubi/dist/ubi9/9/x86_64/appstream/os/Packages/p/python3.11-setuptools-wheel-65.5.1-5.el9.noarch.rpm
    repoid: ubi-9-for-x86_64-appstream-rpms
    size: 730338
    checksum: sha256:33ad44dff52114caa7b85f6e218ad5f9ccd88a538a3cf808377762ff01efb05f
    name: python3.11-setuptools-wheel
    evr: 65.5.1-5.el9
    sourcerpm: python3.11-setuptools-65.5.1-5.el9.src.rpm
  - url: https://cdn-ubi.redhat.com/content/public/ubi/dist/ubi9/9/x86_64/baseos/os/Packages/b/binutils-2.35.2-72.el9.x86_64.rpm
    repoid: ubi-9-for-x86_64-baseos-rpms
    size: 4821853
    checksum: sha256:bda706d43bf47267e31db8ac62fe3206122f97ff035daa6c93ce9cd5063a63ca
    name: binutils
    evr: 2.35.2-72.el9
    sourcerpm: binutils-2.35.2-72.el9.src.rpm
  - url: https://cdn-ubi.redhat.com/content/public/ubi/dist/ubi9/9/x86_64/baseos/os/Packages/b/binutils-gold-2.35.2-72.el9.x86_64.rpm
    repoid: ubi-9-for-x86_64-baseos-rpms
    size: 758393
    checksum: sha256:4d429d1030d8e1c610ba5aea83f8c63090033f440b2c8f788f0e0acd4a3c51b3
    name: binutils-gold
    evr: 2.35.2-72.el9
    sourcerpm: binutils-2.35.2-72.el9.src.rpm
  - url: https://cdn-ubi.redhat.com/content/public/ubi/dist/ubi9/9/x86_64/baseos/os/Packages/e/elfutils-debuginfod-client-0.194-1.el9.x86_64.rpm
    repoid: ubi-9-for-x86_64-baseos-rpms
    size: 43826
    checksum: sha256:1635fd1ecaa9492fa925956dfd56d10063ca336619218f124ab45df0a38b41b0
    name: elfutils-debuginfod-client
    evr: 0.194-1.el9
    sourcerpm: elfutils-0.194-1.el9.src.rpm
  - url: https://cdn-ubi.redhat.com/content/public/ubi/dist/ubi9/9/x86_64/baseos/os/Packages/e/elfutils-default-yama-scope-0.194-1.el9.noarch.rpm
    repoid: ubi-9-for-x86_64-baseos-rpms
    size: 8949
    checksum: sha256:c473f42c0fec97e2830580110509e4522bc62d9b11761d062499354a0bf58959
    name: elfutils-default-yama-scope
    evr: 0.194-1.el9
    sourcerpm: elfutils-0.194-1.el9.src.rpm
  - url: https://cdn-ubi.redhat.com/content/public/ubi/dist/ubi9/9/x86_64/baseos/os/Packages/e/elfutils-libelf-0.194-1.el9.x86_64.rpm
    repoid: ubi-9-for-x86_64-baseos-rpms
    size: 205864
    checksum: sha256:00bbe4776149d8ccedcdf19dd6ceb08c3bb42ff41b98d744abe101af0b11a6c5
    name: elfutils-libelf
    evr: 0.194-1.el9
    sourcerpm: elfutils-0.194-1.el9.src.rpm
  - url: https://cdn-ubi.redhat.com/content/public/ubi/dist/ubi9/9/x86_64/baseos/os/Packages/e/elfutils-libs-0.194-1.el9.x86_64.rpm
    repoid: ubi-9-for-x86_64-baseos-rpms
    size: 274670
    checksum: sha256:ad4f6d425cbc975cead56a2c982e38b0146d00944cbd9b3072d3d1f1271237a5
    name: elfutils-libs
    evr: 0.194-1.el9
    sourcerpm: elfutils-0.194-1.el9.src.rpm
  - url: https://cdn-ubi.redhat.com/content/public/ubi/dist/ubi9/9/x86_64/baseos/os/Packages/e/expat-2.5.0-6.el9_8.1.x86_64.rpm
    repoid: ubi-9-for-x86_64-baseos-rpms
    size: 126909
    checksum: sha256:6a0c98d67b643fe620297e4cd7e990f99a86ed6bc90a8295a952c626ecbb9f62
    name: expat
    evr: 2.5.0-6.el9_8.1
    sourcerpm: expat-2.5.0-6.el9_8.1.src.rpm
  - url: https://cdn-ubi.redhat.com/content/public/ubi/dist/ubi9/9/x86_64/baseos/os/Packages/g/glibc-langpack-en-2.34-272.el9_8.x86_64.rpm
    repoid: ubi-9-for-x86_64-baseos-rpms
    size: 684670
    checksum: sha256:60287099b75389b18f8b57a6b78c252bb77ccde55c97e7b0d22790f912413397
    name: glibc-langpack-en
    evr: 2.34-272.el9_8
    sourcerpm: glibc-2.34-272.el9_8.src.rpm
  - url: https://cdn-ubi.redhat.com/content/public/ubi/dist/ubi9/9/x86_64/baseos/os/Packages/l/libgomp-11.5.0-14.el9.x86_64.rpm
    repoid: ubi-9-for-x86_64-baseos-rpms
    size: 263723
    checksum: sha256:87b9a7316760374111290e6e4c76ee4d093566f08a7c7c91ad7827c5948afb69
    name: libgomp
    evr: 11.5.0-14.el9
    sourcerpm: gcc-11.5.0-14.el9.src.rpm
  - url: https://cdn-ubi.redhat.com/content/public/ubi/dist/ubi9/9/x86_64/baseos/os/Packages/l/libpkgconf-1.7.3-10.el9.x86_64.rpm
    repoid: ubi-9-for-x86_64-baseos-rpms
    size: 38387
    checksum: sha256:4feae5941b73640bd86b8d506a657cac5b770043db1464fbcd207721b2159dda
    name: libpkgconf
    evr: 1.7.3-10.el9
    sourcerpm: pkgconf-1.7.3-10.el9.src.rpm
  - url: https://cdn-ubi.redhat.com/content/public/ubi/dist/ubi9/9/x86_64/baseos/os/Packages/l/libtirpc-1.3.3-9.el9.x86_64.rpm
    repoid: ubi-9-for-x86_64-baseos-rpms
    size: 98934
    checksum: sha256:f82cd69dc3aac881d5b574930c7d274687054cb5b03d3a8e3affa7bbcd5950b1
    name: libtirpc
    evr: 1.3.3-9.el9
    sourcerpm: libtirpc-1.3.3-9.el9.src.rpm
  - url: https://cdn-ubi.redhat.com/content/public/ubi/dist/ubi9/9/x86_64/baseos/os/Packages/m/make-4.3-8.el9.x86_64.rpm
    repoid: ubi-9-for-x86_64-baseos-rpms
    size: 553896
    checksum: sha256:561f0c2251e9217c81a6c88de4d2d9231a039aaab37e8a0d2559d36ce9fa85fd
    name: make
    evr: 1:4.3-8.el9
    sourcerpm: make-4.3-8.el9.src.rpm
  - url: https://cdn-ubi.redhat.com/content/public/ubi/dist/ubi9/9/x86_64/baseos/os/Packages/p/pkgconf-1.7.3-10.el9.x86_64.rpm
    repoid: ubi-9-for-x86_64-baseos-rpms
    size: 45675
    checksum: sha256:bb47b4ecc499c308f41031a99e723827d152d5d750f59849d0c265d820944a26
    name: pkgconf
    evr: 1.7.3-10.el9
    sourcerpm: pkgconf-1.7.3-10.el9.src.rpm
  - url: https://cdn-ubi.redhat.com/content/public/ubi/dist/ubi9/9/x86_64/baseos/os/Packages/p/pkgconf-m4-1.7.3-10.el9.noarch.rpm
    repoid: ubi-9-for-x86_64-baseos-rpms
    size: 16054
    checksum: sha256:91bafd6e06099451f60288327b275cfcc651822f6145176a157c6b0fa5131e02
    name: pkgconf-m4
    evr: 1.7.3-10.el9
    sourcerpm: pkgconf-1.7.3-10.el9.src.rpm
  - url: https://cdn-ubi.redhat.com/content/public/ubi/dist/ubi9/9/x86_64/baseos/os/Packages/p/pkgconf-pkg-config-1.7.3-10.el9.x86_64.rpm
    repoid: ubi-9-for-x86_64-baseos-rpms
    size: 12438
    checksum: sha256:9a502d81d73d3303ceb53a06ad7ce525c97117ea64352174a33708bf3429283d
    name: pkgconf-pkg-config
    evr: 1.7.3-10.el9
    sourcerpm: pkgconf-1.7.3-10.el9.src.rpm
  source: []
  module_metadata: []
